<?xml version="1.0" encoding="utf-8"?>
<Project ToolsVersion="4.0" xmlns="http://schemas.microsoft.com/developer/msbuild/2003">
  <ItemGroup>
    <ClCompile Include="src\lua_socket_mgr.cpp" />
    <ClCompile Include="src\lua_socket_node.cpp" />
    <ClCompile Include="src\main.cpp" />
    <ClCompile Include="src\socket_helper.cpp" />
    <ClCompile Include="src\socket_listener.cpp" />
    <ClCompile Include="src\socket_mgr.cpp" />
    <ClCompile Include="src\socket_mgr_impl.cpp" />
    <ClCompile Include="src\socket_router.cpp" />
    <ClCompile Include="src\socket_stream.cpp" />
    <ClCompile Include="src\stdafx.cpp" />
    <ClCompile Include="src\tools.cpp" />
  </ItemGroup>
  <ItemGroup>
    <ClInclude Include="src\io_buffer.h" />
    <ClInclude Include="src\lua_socket_mgr.h" />
    <ClInclude Include="src\lua_socket_node.h" />
    <ClInclude Include="src\socket_helper.h" />
    <ClInclude Include="src\socket_listener.h" />
    <ClInclude Include="src\socket_mgr.h" />
    <ClInclude Include="src\socket_mgr_impl.h" />
    <ClInclude Include="src\socket_router.h" />
    <ClInclude Include="src\socket_stream.h" />
    <ClInclude Include="src\tools.h" />
    <ClInclude Include="src\dx_plugin.h">
      <Filter>dx_plugin</Filter>
    </ClInclude>
  </ItemGroup>
  <ItemGroup>
    <CustomBuild Include="src\stdafx.h" />
  </ItemGroup>
  <ItemGroup>
    <Filter Include="dx_plugin">
      <UniqueIdentifier>{7508778d-52de-485d-90cd-7372bc38beae}</UniqueIdentifier>
    </Filter>
  </ItemGroup>
</Project>