<?xml version="1.0" encoding="utf-8"?>
<Project ToolsVersion="4.0" xmlns="http://schemas.microsoft.com/developer/msbuild/2003">
  <ItemGroup>
    <Filter Include="curl">
      <UniqueIdentifier>{438e36a3-c8ce-442b-b3ae-cefa2f87952c}</UniqueIdentifier>
    </Filter>
    <Filter Include="src">
      <UniqueIdentifier>{2c32aa71-dc53-4a95-864f-d28d106f6bab}</UniqueIdentifier>
    </Filter>
    <Filter Include="vauth">
      <UniqueIdentifier>{b2e56278-d690-4aae-a7fe-0ffd2494abf2}</UniqueIdentifier>
    </Filter>
    <Filter Include="vssh">
      <UniqueIdentifier>{4ba556b1-9ed3-45de-a6d5-1d3a9d5f6430}</UniqueIdentifier>
    </Filter>
    <Filter Include="vtls">
      <UniqueIdentifier>{a3d72a92-1a51-40f8-8927-35020d26ef03}</UniqueIdentifier>
    </Filter>
    <Filter Include="vquic">
      <UniqueIdentifier>{1d68b719-d2a9-46b6-bdc0-95f1a2b99dfe}</UniqueIdentifier>
    </Filter>
  </ItemGroup>
  <ItemGroup>
    <ClInclude Include="curl\curl.h">
      <Filter>curl</Filter>
    </ClInclude>
    <ClInclude Include="curl\curlver.h">
      <Filter>curl</Filter>
    </ClInclude>
    <ClInclude Include="curl\easy.h">
      <Filter>curl</Filter>
    </ClInclude>
    <ClInclude Include="curl\mprintf.h">
      <Filter>curl</Filter>
    </ClInclude>
    <ClInclude Include="curl\multi.h">
      <Filter>curl</Filter>
    </ClInclude>
    <ClInclude Include="curl\stdcheaders.h">
      <Filter>curl</Filter>
    </ClInclude>
    <ClInclude Include="curl\system.h">
      <Filter>curl</Filter>
    </ClInclude>
    <ClInclude Include="curl\typecheck-gcc.h">
      <Filter>curl</Filter>
    </ClInclude>
    <ClInclude Include="curl\urlapi.h">
      <Filter>curl</Filter>
    </ClInclude>
    <ClInclude Include="src\altsvc.h">
      <Filter>src</Filter>
    </ClInclude>
    <ClInclude Include="src\amigaos.h">
      <Filter>src</Filter>
    </ClInclude>
    <ClInclude Include="src\arpa_telnet.h">
      <Filter>src</Filter>
    </ClInclude>
    <ClInclude Include="src\asyn.h">
      <Filter>src</Filter>
    </ClInclude>
    <ClInclude Include="src\config-amigaos.h">
      <Filter>src</Filter>
    </ClInclude>
    <ClInclude Include="src\config-dos.h">
      <Filter>src</Filter>
    </ClInclude>
    <ClInclude Include="src\config-mac.h">
      <Filter>src</Filter>
    </ClInclude>
    <ClInclude Include="src\config-os400.h">
      <Filter>src</Filter>
    </ClInclude>
    <ClInclude Include="src\config-plan9.h">
      <Filter>src</Filter>
    </ClInclude>
    <ClInclude Include="src\config-riscos.h">
      <Filter>src</Filter>
    </ClInclude>
    <ClInclude Include="src\config-symbian.h">
      <Filter>src</Filter>
    </ClInclude>
    <ClInclude Include="src\config-tpf.h">
      <Filter>src</Filter>
    </ClInclude>
    <ClInclude Include="src\config-vxworks.h">
      <Filter>src</Filter>
    </ClInclude>
    <ClInclude Include="src\config-win32.h">
      <Filter>src</Filter>
    </ClInclude>
    <ClInclude Include="src\config-win32ce.h">
      <Filter>src</Filter>
    </ClInclude>
    <ClInclude Include="src\conncache.h">
      <Filter>src</Filter>
    </ClInclude>
    <ClInclude Include="src\connect.h">
      <Filter>src</Filter>
    </ClInclude>
    <ClInclude Include="src\content_encoding.h">
      <Filter>src</Filter>
    </ClInclude>
    <ClInclude Include="src\cookie.h">
      <Filter>src</Filter>
    </ClInclude>
    <ClInclude Include="src\curl_addrinfo.h">
      <Filter>src</Filter>
    </ClInclude>
    <ClInclude Include="src\curl_base64.h">
      <Filter>src</Filter>
    </ClInclude>
    <ClInclude Include="src\curl_ctype.h">
      <Filter>src</Filter>
    </ClInclude>
    <ClInclude Include="src\curl_des.h">
      <Filter>src</Filter>
    </ClInclude>
    <ClInclude Include="src\curl_endian.h">
      <Filter>src</Filter>
    </ClInclude>
    <ClInclude Include="src\curl_fnmatch.h">
      <Filter>src</Filter>
    </ClInclude>
    <ClInclude Include="src\curl_get_line.h">
      <Filter>src</Filter>
    </ClInclude>
    <ClInclude Include="src\curl_gethostname.h">
      <Filter>src</Filter>
    </ClInclude>
    <ClInclude Include="src\curl_gssapi.h">
      <Filter>src</Filter>
    </ClInclude>
    <ClInclude Include="src\curl_hmac.h">
      <Filter>src</Filter>
    </ClInclude>
    <ClInclude Include="src\curl_ldap.h">
      <Filter>src</Filter>
    </ClInclude>
    <ClInclude Include="src\curl_md4.h">
      <Filter>src</Filter>
    </ClInclude>
    <ClInclude Include="src\curl_md5.h">
      <Filter>src</Filter>
    </ClInclude>
    <ClInclude Include="src\curl_memory.h">
      <Filter>src</Filter>
    </ClInclude>
    <ClInclude Include="src\curl_memrchr.h">
      <Filter>src</Filter>
    </ClInclude>
    <ClInclude Include="src\curl_multibyte.h">
      <Filter>src</Filter>
    </ClInclude>
    <ClInclude Include="src\curl_ntlm_core.h">
      <Filter>src</Filter>
    </ClInclude>
    <ClInclude Include="src\curl_ntlm_wb.h">
      <Filter>src</Filter>
    </ClInclude>
    <ClInclude Include="src\curl_path.h">
      <Filter>src</Filter>
    </ClInclude>
    <ClInclude Include="src\curl_printf.h">
      <Filter>src</Filter>
    </ClInclude>
    <ClInclude Include="src\curl_range.h">
      <Filter>src</Filter>
    </ClInclude>
    <ClInclude Include="src\curl_rtmp.h">
      <Filter>src</Filter>
    </ClInclude>
    <ClInclude Include="src\curl_sasl.h">
      <Filter>src</Filter>
    </ClInclude>
    <ClInclude Include="src\curl_sec.h">
      <Filter>src</Filter>
    </ClInclude>
    <ClInclude Include="src\curl_setup.h">
      <Filter>src</Filter>
    </ClInclude>
    <ClInclude Include="src\curl_setup_once.h">
      <Filter>src</Filter>
    </ClInclude>
    <ClInclude Include="src\curl_sha256.h">
      <Filter>src</Filter>
    </ClInclude>
    <ClInclude Include="src\curl_sspi.h">
      <Filter>src</Filter>
    </ClInclude>
    <ClInclude Include="src\curl_threads.h">
      <Filter>src</Filter>
    </ClInclude>
    <ClInclude Include="src\curlx.h">
      <Filter>src</Filter>
    </ClInclude>
    <ClInclude Include="src\dict.h">
      <Filter>src</Filter>
    </ClInclude>
    <ClInclude Include="src\doh.h">
      <Filter>src</Filter>
    </ClInclude>
    <ClInclude Include="src\dotdot.h">
      <Filter>src</Filter>
    </ClInclude>
    <ClInclude Include="src\easyif.h">
      <Filter>src</Filter>
    </ClInclude>
    <ClInclude Include="src\escape.h">
      <Filter>src</Filter>
    </ClInclude>
    <ClInclude Include="src\file.h">
      <Filter>src</Filter>
    </ClInclude>
    <ClInclude Include="src\fileinfo.h">
      <Filter>src</Filter>
    </ClInclude>
    <ClInclude Include="src\formdata.h">
      <Filter>src</Filter>
    </ClInclude>
    <ClInclude Include="src\ftp.h">
      <Filter>src</Filter>
    </ClInclude>
    <ClInclude Include="src\ftplistparser.h">
      <Filter>src</Filter>
    </ClInclude>
    <ClInclude Include="src\getinfo.h">
      <Filter>src</Filter>
    </ClInclude>
    <ClInclude Include="src\gopher.h">
      <Filter>src</Filter>
    </ClInclude>
    <ClInclude Include="src\hash.h">
      <Filter>src</Filter>
    </ClInclude>
    <ClInclude Include="src\hostcheck.h">
      <Filter>src</Filter>
    </ClInclude>
    <ClInclude Include="src\hostip.h">
      <Filter>src</Filter>
    </ClInclude>
    <ClInclude Include="src\http.h">
      <Filter>src</Filter>
    </ClInclude>
    <ClInclude Include="src\http_chunks.h">
      <Filter>src</Filter>
    </ClInclude>
    <ClInclude Include="src\http_digest.h">
      <Filter>src</Filter>
    </ClInclude>
    <ClInclude Include="src\http_negotiate.h">
      <Filter>src</Filter>
    </ClInclude>
    <ClInclude Include="src\http_ntlm.h">
      <Filter>src</Filter>
    </ClInclude>
    <ClInclude Include="src\http_proxy.h">
      <Filter>src</Filter>
    </ClInclude>
    <ClInclude Include="src\http2.h">
      <Filter>src</Filter>
    </ClInclude>
    <ClInclude Include="src\if2ip.h">
      <Filter>src</Filter>
    </ClInclude>
    <ClInclude Include="src\imap.h">
      <Filter>src</Filter>
    </ClInclude>
    <ClInclude Include="src\inet_ntop.h">
      <Filter>src</Filter>
    </ClInclude>
    <ClInclude Include="src\inet_pton.h">
      <Filter>src</Filter>
    </ClInclude>
    <ClInclude Include="src\llist.h">
      <Filter>src</Filter>
    </ClInclude>
    <ClInclude Include="src\memdebug.h">
      <Filter>src</Filter>
    </ClInclude>
    <ClInclude Include="src\mime.h">
      <Filter>src</Filter>
    </ClInclude>
    <ClInclude Include="src\mqtt.h">
      <Filter>src</Filter>
    </ClInclude>
    <ClInclude Include="src\multihandle.h">
      <Filter>src</Filter>
    </ClInclude>
    <ClInclude Include="src\multiif.h">
      <Filter>src</Filter>
    </ClInclude>
    <ClInclude Include="src\netrc.h">
      <Filter>src</Filter>
    </ClInclude>
    <ClInclude Include="src\non-ascii.h">
      <Filter>src</Filter>
    </ClInclude>
    <ClInclude Include="src\nonblock.h">
      <Filter>src</Filter>
    </ClInclude>
    <ClInclude Include="src\parsedate.h">
      <Filter>src</Filter>
    </ClInclude>
    <ClInclude Include="src\pingpong.h">
      <Filter>src</Filter>
    </ClInclude>
    <ClInclude Include="src\pop3.h">
      <Filter>src</Filter>
    </ClInclude>
    <ClInclude Include="src\progress.h">
      <Filter>src</Filter>
    </ClInclude>
    <ClInclude Include="src\psl.h">
      <Filter>src</Filter>
    </ClInclude>
    <ClInclude Include="src\quic.h">
      <Filter>src</Filter>
    </ClInclude>
    <ClInclude Include="src\rand.h">
      <Filter>src</Filter>
    </ClInclude>
    <ClInclude Include="src\rename.h">
      <Filter>src</Filter>
    </ClInclude>
    <ClInclude Include="src\rtsp.h">
      <Filter>src</Filter>
    </ClInclude>
    <ClInclude Include="src\select.h">
      <Filter>src</Filter>
    </ClInclude>
    <ClInclude Include="src\sendf.h">
      <Filter>src</Filter>
    </ClInclude>
    <ClInclude Include="src\setopt.h">
      <Filter>src</Filter>
    </ClInclude>
    <ClInclude Include="src\setup-os400.h">
      <Filter>src</Filter>
    </ClInclude>
    <ClInclude Include="src\setup-vms.h">
      <Filter>src</Filter>
    </ClInclude>
    <ClInclude Include="src\setup-win32.h">
      <Filter>src</Filter>
    </ClInclude>
    <ClInclude Include="src\share.h">
      <Filter>src</Filter>
    </ClInclude>
    <ClInclude Include="src\sigpipe.h">
      <Filter>src</Filter>
    </ClInclude>
    <ClInclude Include="src\slist.h">
      <Filter>src</Filter>
    </ClInclude>
    <ClInclude Include="src\smb.h">
      <Filter>src</Filter>
    </ClInclude>
    <ClInclude Include="src\smtp.h">
      <Filter>src</Filter>
    </ClInclude>
    <ClInclude Include="src\sockaddr.h">
      <Filter>src</Filter>
    </ClInclude>
    <ClInclude Include="src\socketpair.h">
      <Filter>src</Filter>
    </ClInclude>
    <ClInclude Include="src\socks.h">
      <Filter>src</Filter>
    </ClInclude>
    <ClInclude Include="src\speedcheck.h">
      <Filter>src</Filter>
    </ClInclude>
    <ClInclude Include="src\splay.h">
      <Filter>src</Filter>
    </ClInclude>
    <ClInclude Include="src\strcase.h">
      <Filter>src</Filter>
    </ClInclude>
    <ClInclude Include="src\strdup.h">
      <Filter>src</Filter>
    </ClInclude>
    <ClInclude Include="src\strerror.h">
      <Filter>src</Filter>
    </ClInclude>
    <ClInclude Include="src\strtok.h">
      <Filter>src</Filter>
    </ClInclude>
    <ClInclude Include="src\strtoofft.h">
      <Filter>src</Filter>
    </ClInclude>
    <ClInclude Include="src\system_win32.h">
      <Filter>src</Filter>
    </ClInclude>
    <ClInclude Include="src\telnet.h">
      <Filter>src</Filter>
    </ClInclude>
    <ClInclude Include="src\tftp.h">
      <Filter>src</Filter>
    </ClInclude>
    <ClInclude Include="src\timeval.h">
      <Filter>src</Filter>
    </ClInclude>
    <ClInclude Include="src\transfer.h">
      <Filter>src</Filter>
    </ClInclude>
    <ClInclude Include="src\url.h">
      <Filter>src</Filter>
    </ClInclude>
    <ClInclude Include="src\urlapi-int.h">
      <Filter>src</Filter>
    </ClInclude>
    <ClInclude Include="src\urldata.h">
      <Filter>src</Filter>
    </ClInclude>
    <ClInclude Include="src\warnless.h">
      <Filter>src</Filter>
    </ClInclude>
    <ClInclude Include="src\wildcard.h">
      <Filter>src</Filter>
    </ClInclude>
    <ClInclude Include="src\x509asn1.h">
      <Filter>src</Filter>
    </ClInclude>
    <ClInclude Include="src\vquic\ngtcp2.h">
      <Filter>vquic</Filter>
    </ClInclude>
    <ClInclude Include="src\vquic\quiche.h">
      <Filter>vquic</Filter>
    </ClInclude>
    <ClInclude Include="src\vssh\ssh.h">
      <Filter>vssh</Filter>
    </ClInclude>
    <ClInclude Include="src\vtls\bearssl.h">
      <Filter>vtls</Filter>
    </ClInclude>
    <ClInclude Include="src\vtls\gskit.h">
      <Filter>vtls</Filter>
    </ClInclude>
    <ClInclude Include="src\vtls\gtls.h">
      <Filter>vtls</Filter>
    </ClInclude>
    <ClInclude Include="src\vtls\mbedtls.h">
      <Filter>vtls</Filter>
    </ClInclude>
    <ClInclude Include="src\vtls\mbedtls_threadlock.h">
      <Filter>vtls</Filter>
    </ClInclude>
    <ClInclude Include="src\vtls\mesalink.h">
      <Filter>vtls</Filter>
    </ClInclude>
    <ClInclude Include="src\vtls\nssg.h">
      <Filter>vtls</Filter>
    </ClInclude>
    <ClInclude Include="src\vtls\openssl.h">
      <Filter>vtls</Filter>
    </ClInclude>
    <ClInclude Include="src\vtls\schannel.h">
      <Filter>vtls</Filter>
    </ClInclude>
    <ClInclude Include="src\vtls\sectransp.h">
      <Filter>vtls</Filter>
    </ClInclude>
    <ClInclude Include="src\vtls\vtls.h">
      <Filter>vtls</Filter>
    </ClInclude>
    <ClInclude Include="src\vtls\wolfssl.h">
      <Filter>vtls</Filter>
    </ClInclude>
    <ClInclude Include="src\vauth\digest.h">
      <Filter>vauth</Filter>
    </ClInclude>
    <ClInclude Include="src\vauth\ntlm.h">
      <Filter>vauth</Filter>
    </ClInclude>
    <ClInclude Include="src\vauth\vauth.h">
      <Filter>vauth</Filter>
    </ClInclude>
  </ItemGroup>
  <ItemGroup>
    <ClCompile Include="src\altsvc.c">
      <Filter>src</Filter>
    </ClCompile>
    <ClCompile Include="src\amigaos.c">
      <Filter>src</Filter>
    </ClCompile>
    <ClCompile Include="src\asyn-ares.c">
      <Filter>src</Filter>
    </ClCompile>
    <ClCompile Include="src\asyn-thread.c">
      <Filter>src</Filter>
    </ClCompile>
    <ClCompile Include="src\base64.c">
      <Filter>src</Filter>
    </ClCompile>
    <ClCompile Include="src\conncache.c">
      <Filter>src</Filter>
    </ClCompile>
    <ClCompile Include="src\connect.c">
      <Filter>src</Filter>
    </ClCompile>
    <ClCompile Include="src\content_encoding.c">
      <Filter>src</Filter>
    </ClCompile>
    <ClCompile Include="src\cookie.c">
      <Filter>src</Filter>
    </ClCompile>
    <ClCompile Include="src\curl_addrinfo.c">
      <Filter>src</Filter>
    </ClCompile>
    <ClCompile Include="src\curl_ctype.c">
      <Filter>src</Filter>
    </ClCompile>
    <ClCompile Include="src\curl_des.c">
      <Filter>src</Filter>
    </ClCompile>
    <ClCompile Include="src\curl_endian.c">
      <Filter>src</Filter>
    </ClCompile>
    <ClCompile Include="src\curl_fnmatch.c">
      <Filter>src</Filter>
    </ClCompile>
    <ClCompile Include="src\curl_get_line.c">
      <Filter>src</Filter>
    </ClCompile>
    <ClCompile Include="src\curl_gethostname.c">
      <Filter>src</Filter>
    </ClCompile>
    <ClCompile Include="src\curl_gssapi.c">
      <Filter>src</Filter>
    </ClCompile>
    <ClCompile Include="src\curl_memrchr.c">
      <Filter>src</Filter>
    </ClCompile>
    <ClCompile Include="src\curl_multibyte.c">
      <Filter>src</Filter>
    </ClCompile>
    <ClCompile Include="src\curl_ntlm_core.c">
      <Filter>src</Filter>
    </ClCompile>
    <ClCompile Include="src\curl_ntlm_wb.c">
      <Filter>src</Filter>
    </ClCompile>
    <ClCompile Include="src\curl_path.c">
      <Filter>src</Filter>
    </ClCompile>
    <ClCompile Include="src\curl_range.c">
      <Filter>src</Filter>
    </ClCompile>
    <ClCompile Include="src\curl_rtmp.c">
      <Filter>src</Filter>
    </ClCompile>
    <ClCompile Include="src\curl_sasl.c">
      <Filter>src</Filter>
    </ClCompile>
    <ClCompile Include="src\curl_sspi.c">
      <Filter>src</Filter>
    </ClCompile>
    <ClCompile Include="src\curl_threads.c">
      <Filter>src</Filter>
    </ClCompile>
    <ClCompile Include="src\dict.c">
      <Filter>src</Filter>
    </ClCompile>
    <ClCompile Include="src\doh.c">
      <Filter>src</Filter>
    </ClCompile>
    <ClCompile Include="src\dotdot.c">
      <Filter>src</Filter>
    </ClCompile>
    <ClCompile Include="src\easy.c">
      <Filter>src</Filter>
    </ClCompile>
    <ClCompile Include="src\escape.c">
      <Filter>src</Filter>
    </ClCompile>
    <ClCompile Include="src\file.c">
      <Filter>src</Filter>
    </ClCompile>
    <ClCompile Include="src\fileinfo.c">
      <Filter>src</Filter>
    </ClCompile>
    <ClCompile Include="src\formdata.c">
      <Filter>src</Filter>
    </ClCompile>
    <ClCompile Include="src\ftp.c">
      <Filter>src</Filter>
    </ClCompile>
    <ClCompile Include="src\ftplistparser.c">
      <Filter>src</Filter>
    </ClCompile>
    <ClCompile Include="src\getenv.c">
      <Filter>src</Filter>
    </ClCompile>
    <ClCompile Include="src\getinfo.c">
      <Filter>src</Filter>
    </ClCompile>
    <ClCompile Include="src\gopher.c">
      <Filter>src</Filter>
    </ClCompile>
    <ClCompile Include="src\hash.c">
      <Filter>src</Filter>
    </ClCompile>
    <ClCompile Include="src\hmac.c">
      <Filter>src</Filter>
    </ClCompile>
    <ClCompile Include="src\hostasyn.c">
      <Filter>src</Filter>
    </ClCompile>
    <ClCompile Include="src\hostcheck.c">
      <Filter>src</Filter>
    </ClCompile>
    <ClCompile Include="src\hostip.c">
      <Filter>src</Filter>
    </ClCompile>
    <ClCompile Include="src\hostip4.c">
      <Filter>src</Filter>
    </ClCompile>
    <ClCompile Include="src\hostip6.c">
      <Filter>src</Filter>
    </ClCompile>
    <ClCompile Include="src\hostsyn.c">
      <Filter>src</Filter>
    </ClCompile>
    <ClCompile Include="src\http.c">
      <Filter>src</Filter>
    </ClCompile>
    <ClCompile Include="src\http_chunks.c">
      <Filter>src</Filter>
    </ClCompile>
    <ClCompile Include="src\http_digest.c">
      <Filter>src</Filter>
    </ClCompile>
    <ClCompile Include="src\http_negotiate.c">
      <Filter>src</Filter>
    </ClCompile>
    <ClCompile Include="src\http_ntlm.c">
      <Filter>src</Filter>
    </ClCompile>
    <ClCompile Include="src\http_proxy.c">
      <Filter>src</Filter>
    </ClCompile>
    <ClCompile Include="src\http2.c">
      <Filter>src</Filter>
    </ClCompile>
    <ClCompile Include="src\idn_win32.c">
      <Filter>src</Filter>
    </ClCompile>
    <ClCompile Include="src\if2ip.c">
      <Filter>src</Filter>
    </ClCompile>
    <ClCompile Include="src\imap.c">
      <Filter>src</Filter>
    </ClCompile>
    <ClCompile Include="src\inet_ntop.c">
      <Filter>src</Filter>
    </ClCompile>
    <ClCompile Include="src\inet_pton.c">
      <Filter>src</Filter>
    </ClCompile>
    <ClCompile Include="src\krb5.c">
      <Filter>src</Filter>
    </ClCompile>
    <ClCompile Include="src\ldap.c">
      <Filter>src</Filter>
    </ClCompile>
    <ClCompile Include="src\llist.c">
      <Filter>src</Filter>
    </ClCompile>
    <ClCompile Include="src\md4.c">
      <Filter>src</Filter>
    </ClCompile>
    <ClCompile Include="src\md5.c">
      <Filter>src</Filter>
    </ClCompile>
    <ClCompile Include="src\memdebug.c">
      <Filter>src</Filter>
    </ClCompile>
    <ClCompile Include="src\mime.c">
      <Filter>src</Filter>
    </ClCompile>
    <ClCompile Include="src\mprintf.c">
      <Filter>src</Filter>
    </ClCompile>
    <ClCompile Include="src\mqtt.c">
      <Filter>src</Filter>
    </ClCompile>
    <ClCompile Include="src\multi.c">
      <Filter>src</Filter>
    </ClCompile>
    <ClCompile Include="src\netrc.c">
      <Filter>src</Filter>
    </ClCompile>
    <ClCompile Include="src\non-ascii.c">
      <Filter>src</Filter>
    </ClCompile>
    <ClCompile Include="src\nonblock.c">
      <Filter>src</Filter>
    </ClCompile>
    <ClCompile Include="src\nwlib.c">
      <Filter>src</Filter>
    </ClCompile>
    <ClCompile Include="src\nwos.c">
      <Filter>src</Filter>
    </ClCompile>
    <ClCompile Include="src\openldap.c">
      <Filter>src</Filter>
    </ClCompile>
    <ClCompile Include="src\parsedate.c">
      <Filter>src</Filter>
    </ClCompile>
    <ClCompile Include="src\pingpong.c">
      <Filter>src</Filter>
    </ClCompile>
    <ClCompile Include="src\pop3.c">
      <Filter>src</Filter>
    </ClCompile>
    <ClCompile Include="src\progress.c">
      <Filter>src</Filter>
    </ClCompile>
    <ClCompile Include="src\psl.c">
      <Filter>src</Filter>
    </ClCompile>
    <ClCompile Include="src\rand.c">
      <Filter>src</Filter>
    </ClCompile>
    <ClCompile Include="src\rename.c">
      <Filter>src</Filter>
    </ClCompile>
    <ClCompile Include="src\rtsp.c">
      <Filter>src</Filter>
    </ClCompile>
    <ClCompile Include="src\security.c">
      <Filter>src</Filter>
    </ClCompile>
    <ClCompile Include="src\select.c">
      <Filter>src</Filter>
    </ClCompile>
    <ClCompile Include="src\sendf.c">
      <Filter>src</Filter>
    </ClCompile>
    <ClCompile Include="src\setopt.c">
      <Filter>src</Filter>
    </ClCompile>
    <ClCompile Include="src\sha256.c">
      <Filter>src</Filter>
    </ClCompile>
    <ClCompile Include="src\share.c">
      <Filter>src</Filter>
    </ClCompile>
    <ClCompile Include="src\slist.c">
      <Filter>src</Filter>
    </ClCompile>
    <ClCompile Include="src\smb.c">
      <Filter>src</Filter>
    </ClCompile>
    <ClCompile Include="src\smtp.c">
      <Filter>src</Filter>
    </ClCompile>
    <ClCompile Include="src\socketpair.c">
      <Filter>src</Filter>
    </ClCompile>
    <ClCompile Include="src\socks.c">
      <Filter>src</Filter>
    </ClCompile>
    <ClCompile Include="src\socks_gssapi.c">
      <Filter>src</Filter>
    </ClCompile>
    <ClCompile Include="src\socks_sspi.c">
      <Filter>src</Filter>
    </ClCompile>
    <ClCompile Include="src\speedcheck.c">
      <Filter>src</Filter>
    </ClCompile>
    <ClCompile Include="src\splay.c">
      <Filter>src</Filter>
    </ClCompile>
    <ClCompile Include="src\strcase.c">
      <Filter>src</Filter>
    </ClCompile>
    <ClCompile Include="src\strdup.c">
      <Filter>src</Filter>
    </ClCompile>
    <ClCompile Include="src\strerror.c">
      <Filter>src</Filter>
    </ClCompile>
    <ClCompile Include="src\strtok.c">
      <Filter>src</Filter>
    </ClCompile>
    <ClCompile Include="src\strtoofft.c">
      <Filter>src</Filter>
    </ClCompile>
    <ClCompile Include="src\system_win32.c">
      <Filter>src</Filter>
    </ClCompile>
    <ClCompile Include="src\telnet.c">
      <Filter>src</Filter>
    </ClCompile>
    <ClCompile Include="src\tftp.c">
      <Filter>src</Filter>
    </ClCompile>
    <ClCompile Include="src\timeval.c">
      <Filter>src</Filter>
    </ClCompile>
    <ClCompile Include="src\transfer.c">
      <Filter>src</Filter>
    </ClCompile>
    <ClCompile Include="src\url.c">
      <Filter>src</Filter>
    </ClCompile>
    <ClCompile Include="src\urlapi.c">
      <Filter>src</Filter>
    </ClCompile>
    <ClCompile Include="src\version.c">
      <Filter>src</Filter>
    </ClCompile>
    <ClCompile Include="src\warnless.c">
      <Filter>src</Filter>
    </ClCompile>
    <ClCompile Include="src\wildcard.c">
      <Filter>src</Filter>
    </ClCompile>
    <ClCompile Include="src\x509asn1.c">
      <Filter>src</Filter>
    </ClCompile>
    <ClCompile Include="src\vquic\ngtcp2.c">
      <Filter>vquic</Filter>
    </ClCompile>
    <ClCompile Include="src\vquic\quiche.c">
      <Filter>vquic</Filter>
    </ClCompile>
    <ClCompile Include="src\vssh\libssh.c">
      <Filter>vssh</Filter>
    </ClCompile>
    <ClCompile Include="src\vssh\libssh2.c">
      <Filter>vssh</Filter>
    </ClCompile>
    <ClCompile Include="src\vssh\wolfssh.c">
      <Filter>vssh</Filter>
    </ClCompile>
    <ClCompile Include="src\vtls\bearssl.c">
      <Filter>vtls</Filter>
    </ClCompile>
    <ClCompile Include="src\vtls\gskit.c">
      <Filter>vtls</Filter>
    </ClCompile>
    <ClCompile Include="src\vtls\gtls.c">
      <Filter>vtls</Filter>
    </ClCompile>
    <ClCompile Include="src\vtls\mbedtls.c">
      <Filter>vtls</Filter>
    </ClCompile>
    <ClCompile Include="src\vtls\mbedtls_threadlock.c">
      <Filter>vtls</Filter>
    </ClCompile>
    <ClCompile Include="src\vtls\mesalink.c">
      <Filter>vtls</Filter>
    </ClCompile>
    <ClCompile Include="src\vtls\nss.c">
      <Filter>vtls</Filter>
    </ClCompile>
    <ClCompile Include="src\vtls\openssl.c">
      <Filter>vtls</Filter>
    </ClCompile>
    <ClCompile Include="src\vtls\schannel.c">
      <Filter>vtls</Filter>
    </ClCompile>
    <ClCompile Include="src\vtls\schannel_verify.c">
      <Filter>vtls</Filter>
    </ClCompile>
    <ClCompile Include="src\vtls\sectransp.c">
      <Filter>vtls</Filter>
    </ClCompile>
    <ClCompile Include="src\vtls\vtls.c">
      <Filter>vtls</Filter>
    </ClCompile>
    <ClCompile Include="src\vtls\wolfssl.c">
      <Filter>vtls</Filter>
    </ClCompile>
    <ClCompile Include="src\vauth\cleartext.c">
      <Filter>vauth</Filter>
    </ClCompile>
    <ClCompile Include="src\vauth\cram.c">
      <Filter>vauth</Filter>
    </ClCompile>
    <ClCompile Include="src\vauth\digest.c">
      <Filter>vauth</Filter>
    </ClCompile>
    <ClCompile Include="src\vauth\digest_sspi.c">
      <Filter>vauth</Filter>
    </ClCompile>
    <ClCompile Include="src\vauth\krb5_gssapi.c">
      <Filter>vauth</Filter>
    </ClCompile>
    <ClCompile Include="src\vauth\krb5_sspi.c">
      <Filter>vauth</Filter>
    </ClCompile>
    <ClCompile Include="src\vauth\ntlm.c">
      <Filter>vauth</Filter>
    </ClCompile>
    <ClCompile Include="src\vauth\ntlm_sspi.c">
      <Filter>vauth</Filter>
    </ClCompile>
    <ClCompile Include="src\vauth\oauth2.c">
      <Filter>vauth</Filter>
    </ClCompile>
    <ClCompile Include="src\vauth\spnego_gssapi.c">
      <Filter>vauth</Filter>
    </ClCompile>
    <ClCompile Include="src\vauth\spnego_sspi.c">
      <Filter>vauth</Filter>
    </ClCompile>
    <ClCompile Include="src\vauth\vauth.c">
      <Filter>vauth</Filter>
    </ClCompile>
  </ItemGroup>
</Project>