
Microsoft Visual Studio Solution File, Format Version 12.00
# Visual Studio Version 16
VisualStudioVersion = 16.0.31313.79
MinimumVisualStudioVersion = 10.0.40219.1
Project("{8BC9CEB8-8B4A-11D0-8D11-00A0C91BC942}") = "luna", "core\luna\luna.vcxproj", "{EC17EC6B-B66F-44C1-812F-7397E2D216C4}"
	ProjectSection(ProjectDependencies) = postProject
		{F56A5D0B-0CEE-4EE0-BE86-BDCB98143307} = {F56A5D0B-0CEE-4EE0-BE86-BDCB98143307}
	EndProjectSection
EndProject
Project("{8BC9CEB8-8B4A-11D0-8D11-00A0C91BC942}") = "luabus", "core\luabus\luabus.vcxproj", "{50149E84-CB12-4C94-A648-CF522614804F}"
	ProjectSection(ProjectDependencies) = postProject
		{EC17EC6B-B66F-44C1-812F-7397E2D216C4} = {EC17EC6B-B66F-44C1-812F-7397E2D216C4}
	EndProjectSection
EndProject
Project("{8BC9CEB8-8B4A-11D0-8D11-00A0C91BC942}") = "quanta", "core\quanta\quanta.vcxproj", "{550BE128-1E8D-44A1-83FA-F579ECD6838B}"
	ProjectSection(ProjectDependencies) = postProject
		{EC17EC6B-B66F-44C1-812F-7397E2D216C4} = {EC17EC6B-B66F-44C1-812F-7397E2D216C4}
	EndProjectSection
EndProject
Project("{2150E333-8FDC-42A3-9474-1A3956D46DE8}") = "all", "all", "{1D4D6BAB-BDCA-48C7-B032-575D40D1D349}"
EndProject
Project("{8BC9CEB8-8B4A-11D0-8D11-00A0C91BC942}") = "mongo", "extend\luaext\mongo.vcxproj", "{954AC35E-1774-47FF-ADF1-5F65E97FB615}"
EndProject
Project("{2150E333-8FDC-42A3-9474-1A3956D46DE8}") = "extend", "extend", "{63562A69-5B42-42D7-A086-2BE59AAE7077}"
EndProject
Project("{2150E333-8FDC-42A3-9474-1A3956D46DE8}") = "core", "core", "{F70FF6C0-FD69-49DD-A63B-54CD33AA35DB}"
EndProject
Project("{8BC9CEB8-8B4A-11D0-8D11-00A0C91BC942}") = "bson", "extend\luaext\bson.vcxproj", "{D006D7B6-1807-4BD4-BF1A-9510B170DFE5}"
EndProject
Project("{8BC9CEB8-8B4A-11D0-8D11-00A0C91BC942}") = "luaxlsx", "extend\luaxlsx\luaxlsx.vcxproj", "{C1D0F16D-0B61-4B54-92B2-4A612BB0673B}"
EndProject
Project("{8BC9CEB8-8B4A-11D0-8D11-00A0C91BC942}") = "encrypt", "extend\encrypt\encrypt.vcxproj", "{75EBBA96-B1C0-48EC-A3C9-61481AB0D3D0}"
EndProject
Project("{8BC9CEB8-8B4A-11D0-8D11-00A0C91BC942}") = "webclient", "extend\webclient\webclient.vcxproj", "{B57BBE3F-7D7A-4B1C-A3AD-DB69B535C5E4}"
EndProject
Project("{8BC9CEB8-8B4A-11D0-8D11-00A0C91BC942}") = "curl", "extend\curl\curl.vcxproj", "{F784F798-837F-4193-A550-A6AE7125AC29}"
EndProject
Project("{8BC9CEB8-8B4A-11D0-8D11-00A0C91BC942}") = "luahttp", "extend\luahttp\luahttp.vcxproj", "{F582EF81-3D4F-4276-B63A-87863FAA483C}"
EndProject
Project("{8BC9CEB8-8B4A-11D0-8D11-00A0C91BC942}") = "lualog", "extend\lualog\lualog.vcxproj", "{C2DD1C67-5A7A-48F9-A860-FE4B92F6D1BD}"
EndProject
Project("{8BC9CEB8-8B4A-11D0-8D11-00A0C91BC942}") = "lnet", "extend\lnet\lnet.vcxproj", "{623A966A-1F99-450C-8BE1-D17F3FE84620}"
EndProject
Project("{8BC9CEB8-8B4A-11D0-8D11-00A0C91BC942}") = "lua", "extend\lua\lua.vcxproj", "{F56A5D0B-0CEE-4EE0-BE86-BDCB98143307}"
EndProject
Project("{8BC9CEB8-8B4A-11D0-8D11-00A0C91BC942}") = "luac", "extend\lua\luac.vcxproj", "{001BCFDF-426A-476B-B709-D7E40A374229}"
EndProject
Project("{8BC9CEB8-8B4A-11D0-8D11-00A0C91BC942}") = "luae", "extend\lua\luae.vcxproj", "{04A56D34-22A4-407E-8027-8EA5CFF8B751}"
EndProject
Project("{8BC9CEB8-8B4A-11D0-8D11-00A0C91BC942}") = "lfs", "extend\luaext\lfs.vcxproj", "{3D32C183-3733-44C4-BE9F-EFD213D07900}"
EndProject
Project("{8BC9CEB8-8B4A-11D0-8D11-00A0C91BC942}") = "lpeg", "extend\luaext\lpeg.vcxproj", "{568D6F01-6547-475B-B0C9-4D29DC9A6EA1}"
EndProject
Project("{8BC9CEB8-8B4A-11D0-8D11-00A0C91BC942}") = "luacjson", "extend\luaext\luacjson.vcxproj", "{47B1F51B-70AA-4C21-993D-66BA5B831C67}"
EndProject
Project("{8BC9CEB8-8B4A-11D0-8D11-00A0C91BC942}") = "pbc", "extend\luaext\pbc.vcxproj", "{072B788A-F4A1-4FB5-83F0-633A4FE5DB5E}"
EndProject
Global
	GlobalSection(SolutionConfigurationPlatforms) = preSolution
		ReleaseDebug|x64 = ReleaseDebug|x64
		ReleaseDebug|x86 = ReleaseDebug|x86
	EndGlobalSection
	GlobalSection(ProjectConfigurationPlatforms) = postSolution
		{EC17EC6B-B66F-44C1-812F-7397E2D216C4}.ReleaseDebug|x64.ActiveCfg = ReleaseDebug|x64
		{EC17EC6B-B66F-44C1-812F-7397E2D216C4}.ReleaseDebug|x64.Build.0 = ReleaseDebug|x64
		{EC17EC6B-B66F-44C1-812F-7397E2D216C4}.ReleaseDebug|x86.ActiveCfg = ReleaseDebug|Win32
		{EC17EC6B-B66F-44C1-812F-7397E2D216C4}.ReleaseDebug|x86.Build.0 = ReleaseDebug|Win32
		{50149E84-CB12-4C94-A648-CF522614804F}.ReleaseDebug|x64.ActiveCfg = ReleaseDebug|x64
		{50149E84-CB12-4C94-A648-CF522614804F}.ReleaseDebug|x64.Build.0 = ReleaseDebug|x64
		{50149E84-CB12-4C94-A648-CF522614804F}.ReleaseDebug|x86.ActiveCfg = ReleaseDebug|Win32
		{50149E84-CB12-4C94-A648-CF522614804F}.ReleaseDebug|x86.Build.0 = ReleaseDebug|Win32
		{550BE128-1E8D-44A1-83FA-F579ECD6838B}.ReleaseDebug|x64.ActiveCfg = ReleaseDebug|x64
		{550BE128-1E8D-44A1-83FA-F579ECD6838B}.ReleaseDebug|x64.Build.0 = ReleaseDebug|x64
		{550BE128-1E8D-44A1-83FA-F579ECD6838B}.ReleaseDebug|x86.ActiveCfg = ReleaseDebug|Win32
		{550BE128-1E8D-44A1-83FA-F579ECD6838B}.ReleaseDebug|x86.Build.0 = ReleaseDebug|Win32
		{954AC35E-1774-47FF-ADF1-5F65E97FB615}.ReleaseDebug|x64.ActiveCfg = ReleaseDebug|x64
		{954AC35E-1774-47FF-ADF1-5F65E97FB615}.ReleaseDebug|x64.Build.0 = ReleaseDebug|x64
		{954AC35E-1774-47FF-ADF1-5F65E97FB615}.ReleaseDebug|x86.ActiveCfg = ReleaseDebug|Win32
		{954AC35E-1774-47FF-ADF1-5F65E97FB615}.ReleaseDebug|x86.Build.0 = ReleaseDebug|Win32
		{D006D7B6-1807-4BD4-BF1A-9510B170DFE5}.ReleaseDebug|x64.ActiveCfg = ReleaseDebug|x64
		{D006D7B6-1807-4BD4-BF1A-9510B170DFE5}.ReleaseDebug|x64.Build.0 = ReleaseDebug|x64
		{D006D7B6-1807-4BD4-BF1A-9510B170DFE5}.ReleaseDebug|x86.ActiveCfg = ReleaseDebug|Win32
		{D006D7B6-1807-4BD4-BF1A-9510B170DFE5}.ReleaseDebug|x86.Build.0 = ReleaseDebug|Win32
		{C1D0F16D-0B61-4B54-92B2-4A612BB0673B}.ReleaseDebug|x64.ActiveCfg = ReleaseDebug|x64
		{C1D0F16D-0B61-4B54-92B2-4A612BB0673B}.ReleaseDebug|x64.Build.0 = ReleaseDebug|x64
		{C1D0F16D-0B61-4B54-92B2-4A612BB0673B}.ReleaseDebug|x86.ActiveCfg = ReleaseDebug|Win32
		{C1D0F16D-0B61-4B54-92B2-4A612BB0673B}.ReleaseDebug|x86.Build.0 = ReleaseDebug|Win32
		{75EBBA96-B1C0-48EC-A3C9-61481AB0D3D0}.ReleaseDebug|x64.ActiveCfg = ReleaseDebug|x64
		{75EBBA96-B1C0-48EC-A3C9-61481AB0D3D0}.ReleaseDebug|x64.Build.0 = ReleaseDebug|x64
		{75EBBA96-B1C0-48EC-A3C9-61481AB0D3D0}.ReleaseDebug|x86.ActiveCfg = ReleaseDebug|Win32
		{75EBBA96-B1C0-48EC-A3C9-61481AB0D3D0}.ReleaseDebug|x86.Build.0 = ReleaseDebug|Win32
		{B57BBE3F-7D7A-4B1C-A3AD-DB69B535C5E4}.ReleaseDebug|x64.ActiveCfg = ReleaseDebug|x64
		{B57BBE3F-7D7A-4B1C-A3AD-DB69B535C5E4}.ReleaseDebug|x64.Build.0 = ReleaseDebug|x64
		{B57BBE3F-7D7A-4B1C-A3AD-DB69B535C5E4}.ReleaseDebug|x86.ActiveCfg = ReleaseDebug|Win32
		{B57BBE3F-7D7A-4B1C-A3AD-DB69B535C5E4}.ReleaseDebug|x86.Build.0 = ReleaseDebug|Win32
		{F784F798-837F-4193-A550-A6AE7125AC29}.ReleaseDebug|x64.ActiveCfg = ReleaseDebug|x64
		{F784F798-837F-4193-A550-A6AE7125AC29}.ReleaseDebug|x64.Build.0 = ReleaseDebug|x64
		{F784F798-837F-4193-A550-A6AE7125AC29}.ReleaseDebug|x86.ActiveCfg = ReleaseDebug|Win32
		{F784F798-837F-4193-A550-A6AE7125AC29}.ReleaseDebug|x86.Build.0 = ReleaseDebug|Win32
		{F582EF81-3D4F-4276-B63A-87863FAA483C}.ReleaseDebug|x64.ActiveCfg = ReleaseDebug|x64
		{F582EF81-3D4F-4276-B63A-87863FAA483C}.ReleaseDebug|x64.Build.0 = ReleaseDebug|x64
		{F582EF81-3D4F-4276-B63A-87863FAA483C}.ReleaseDebug|x86.ActiveCfg = ReleaseDebug|Win32
		{F582EF81-3D4F-4276-B63A-87863FAA483C}.ReleaseDebug|x86.Build.0 = ReleaseDebug|Win32
		{C2DD1C67-5A7A-48F9-A860-FE4B92F6D1BD}.ReleaseDebug|x64.ActiveCfg = ReleaseDebug|x64
		{C2DD1C67-5A7A-48F9-A860-FE4B92F6D1BD}.ReleaseDebug|x64.Build.0 = ReleaseDebug|x64
		{C2DD1C67-5A7A-48F9-A860-FE4B92F6D1BD}.ReleaseDebug|x86.ActiveCfg = ReleaseDebug|Win32
		{C2DD1C67-5A7A-48F9-A860-FE4B92F6D1BD}.ReleaseDebug|x86.Build.0 = ReleaseDebug|Win32
		{623A966A-1F99-450C-8BE1-D17F3FE84620}.ReleaseDebug|x64.ActiveCfg = ReleaseDebug|x64
		{623A966A-1F99-450C-8BE1-D17F3FE84620}.ReleaseDebug|x64.Build.0 = ReleaseDebug|x64
		{623A966A-1F99-450C-8BE1-D17F3FE84620}.ReleaseDebug|x86.ActiveCfg = ReleaseDebug|Win32
		{623A966A-1F99-450C-8BE1-D17F3FE84620}.ReleaseDebug|x86.Build.0 = ReleaseDebug|Win32
		{F56A5D0B-0CEE-4EE0-BE86-BDCB98143307}.ReleaseDebug|x64.ActiveCfg = ReleaseDebug|x64
		{F56A5D0B-0CEE-4EE0-BE86-BDCB98143307}.ReleaseDebug|x64.Build.0 = ReleaseDebug|x64
		{F56A5D0B-0CEE-4EE0-BE86-BDCB98143307}.ReleaseDebug|x86.ActiveCfg = ReleaseDebug|Win32
		{F56A5D0B-0CEE-4EE0-BE86-BDCB98143307}.ReleaseDebug|x86.Build.0 = ReleaseDebug|Win32
		{001BCFDF-426A-476B-B709-D7E40A374229}.ReleaseDebug|x64.ActiveCfg = ReleaseDebug|x64
		{001BCFDF-426A-476B-B709-D7E40A374229}.ReleaseDebug|x64.Build.0 = ReleaseDebug|x64
		{001BCFDF-426A-476B-B709-D7E40A374229}.ReleaseDebug|x86.ActiveCfg = ReleaseDebug|Win32
		{001BCFDF-426A-476B-B709-D7E40A374229}.ReleaseDebug|x86.Build.0 = ReleaseDebug|Win32
		{04A56D34-22A4-407E-8027-8EA5CFF8B751}.ReleaseDebug|x64.ActiveCfg = ReleaseDebug|x64
		{04A56D34-22A4-407E-8027-8EA5CFF8B751}.ReleaseDebug|x64.Build.0 = ReleaseDebug|x64
		{04A56D34-22A4-407E-8027-8EA5CFF8B751}.ReleaseDebug|x86.ActiveCfg = ReleaseDebug|Win32
		{04A56D34-22A4-407E-8027-8EA5CFF8B751}.ReleaseDebug|x86.Build.0 = ReleaseDebug|Win32
		{3D32C183-3733-44C4-BE9F-EFD213D07900}.ReleaseDebug|x64.ActiveCfg = ReleaseDebug|x64
		{3D32C183-3733-44C4-BE9F-EFD213D07900}.ReleaseDebug|x64.Build.0 = ReleaseDebug|x64
		{3D32C183-3733-44C4-BE9F-EFD213D07900}.ReleaseDebug|x86.ActiveCfg = ReleaseDebug|Win32
		{3D32C183-3733-44C4-BE9F-EFD213D07900}.ReleaseDebug|x86.Build.0 = ReleaseDebug|Win32
		{568D6F01-6547-475B-B0C9-4D29DC9A6EA1}.ReleaseDebug|x64.ActiveCfg = ReleaseDebug|x64
		{568D6F01-6547-475B-B0C9-4D29DC9A6EA1}.ReleaseDebug|x64.Build.0 = ReleaseDebug|x64
		{568D6F01-6547-475B-B0C9-4D29DC9A6EA1}.ReleaseDebug|x86.ActiveCfg = ReleaseDebug|Win32
		{568D6F01-6547-475B-B0C9-4D29DC9A6EA1}.ReleaseDebug|x86.Build.0 = ReleaseDebug|Win32
		{47B1F51B-70AA-4C21-993D-66BA5B831C67}.ReleaseDebug|x64.ActiveCfg = ReleaseDebug|x64
		{47B1F51B-70AA-4C21-993D-66BA5B831C67}.ReleaseDebug|x64.Build.0 = ReleaseDebug|x64
		{47B1F51B-70AA-4C21-993D-66BA5B831C67}.ReleaseDebug|x86.ActiveCfg = ReleaseDebug|Win32
		{47B1F51B-70AA-4C21-993D-66BA5B831C67}.ReleaseDebug|x86.Build.0 = ReleaseDebug|Win32
		{072B788A-F4A1-4FB5-83F0-633A4FE5DB5E}.ReleaseDebug|x64.ActiveCfg = ReleaseDebug|x64
		{072B788A-F4A1-4FB5-83F0-633A4FE5DB5E}.ReleaseDebug|x64.Build.0 = ReleaseDebug|x64
		{072B788A-F4A1-4FB5-83F0-633A4FE5DB5E}.ReleaseDebug|x86.ActiveCfg = ReleaseDebug|Win32
		{072B788A-F4A1-4FB5-83F0-633A4FE5DB5E}.ReleaseDebug|x86.Build.0 = ReleaseDebug|Win32
	EndGlobalSection
	GlobalSection(SolutionProperties) = preSolution
		HideSolutionNode = FALSE
	EndGlobalSection
	GlobalSection(NestedProjects) = preSolution
		{EC17EC6B-B66F-44C1-812F-7397E2D216C4} = {F70FF6C0-FD69-49DD-A63B-54CD33AA35DB}
		{50149E84-CB12-4C94-A648-CF522614804F} = {F70FF6C0-FD69-49DD-A63B-54CD33AA35DB}
		{550BE128-1E8D-44A1-83FA-F579ECD6838B} = {F70FF6C0-FD69-49DD-A63B-54CD33AA35DB}
		{954AC35E-1774-47FF-ADF1-5F65E97FB615} = {63562A69-5B42-42D7-A086-2BE59AAE7077}
		{63562A69-5B42-42D7-A086-2BE59AAE7077} = {1D4D6BAB-BDCA-48C7-B032-575D40D1D349}
		{F70FF6C0-FD69-49DD-A63B-54CD33AA35DB} = {1D4D6BAB-BDCA-48C7-B032-575D40D1D349}
		{D006D7B6-1807-4BD4-BF1A-9510B170DFE5} = {63562A69-5B42-42D7-A086-2BE59AAE7077}
		{C1D0F16D-0B61-4B54-92B2-4A612BB0673B} = {63562A69-5B42-42D7-A086-2BE59AAE7077}
		{75EBBA96-B1C0-48EC-A3C9-61481AB0D3D0} = {63562A69-5B42-42D7-A086-2BE59AAE7077}
		{B57BBE3F-7D7A-4B1C-A3AD-DB69B535C5E4} = {63562A69-5B42-42D7-A086-2BE59AAE7077}
		{F784F798-837F-4193-A550-A6AE7125AC29} = {63562A69-5B42-42D7-A086-2BE59AAE7077}
		{F582EF81-3D4F-4276-B63A-87863FAA483C} = {63562A69-5B42-42D7-A086-2BE59AAE7077}
		{C2DD1C67-5A7A-48F9-A860-FE4B92F6D1BD} = {63562A69-5B42-42D7-A086-2BE59AAE7077}
		{623A966A-1F99-450C-8BE1-D17F3FE84620} = {63562A69-5B42-42D7-A086-2BE59AAE7077}
		{F56A5D0B-0CEE-4EE0-BE86-BDCB98143307} = {63562A69-5B42-42D7-A086-2BE59AAE7077}
		{001BCFDF-426A-476B-B709-D7E40A374229} = {63562A69-5B42-42D7-A086-2BE59AAE7077}
		{04A56D34-22A4-407E-8027-8EA5CFF8B751} = {63562A69-5B42-42D7-A086-2BE59AAE7077}
		{3D32C183-3733-44C4-BE9F-EFD213D07900} = {63562A69-5B42-42D7-A086-2BE59AAE7077}
		{568D6F01-6547-475B-B0C9-4D29DC9A6EA1} = {63562A69-5B42-42D7-A086-2BE59AAE7077}
		{47B1F51B-70AA-4C21-993D-66BA5B831C67} = {63562A69-5B42-42D7-A086-2BE59AAE7077}
		{072B788A-F4A1-4FB5-83F0-633A4FE5DB5E} = {63562A69-5B42-42D7-A086-2BE59AAE7077}
	EndGlobalSection
	GlobalSection(ExtensibilityGlobals) = postSolution
		SolutionGuid = {89F4D576-CC3C-458E-ACD6-30B42E1869FA}
	EndGlobalSection
EndGlobal
