<?xml version="1.0" encoding="utf-8"?>
<Project ToolsVersion="4.0" xmlns="http://schemas.microsoft.com/developer/msbuild/2003">
  <ItemGroup>
    <Filter Include="src">
      <UniqueIdentifier>{e7642c4e-2850-43fb-befd-cf60c1941a19}</UniqueIdentifier>
    </Filter>
    <Filter Include="quickzip">
      <UniqueIdentifier>{2431aff1-3658-4ab0-a423-10cb795933b1}</UniqueIdentifier>
    </Filter>
    <Filter Include="md5">
      <UniqueIdentifier>{6d1bff21-5bb8-4fa7-8bc2-91ed7bf0d6b7}</UniqueIdentifier>
    </Filter>
  </ItemGroup>
  <ItemGroup>
    <ClCompile Include="src\quickzip\byte_counter.cpp">
      <Filter>quickzip</Filter>
    </ClCompile>
    <ClCompile Include="src\quickzip\huffman_tree.cpp">
      <Filter>quickzip</Filter>
    </ClCompile>
    <ClCompile Include="src\quickzip\quick_zip.cpp">
      <Filter>quickzip</Filter>
    </ClCompile>
    <ClCompile Include="src\encryptor.cpp" />
    <ClCompile Include="src\map_encrypt.cpp" />
    <ClCompile Include="src\lua-encrypt.cpp" />
    <ClCompile Include="src\md5\md5.cpp">
      <Filter>md5</Filter>
    </ClCompile>
  </ItemGroup>
  <ItemGroup>
    <ClInclude Include="src\encryptor.h">
      <Filter>src</Filter>
    </ClInclude>
    <ClInclude Include="src\map_encrypt.h">
      <Filter>src</Filter>
    </ClInclude>
    <ClInclude Include="src\xor_encrypt.h">
      <Filter>src</Filter>
    </ClInclude>
    <ClInclude Include="src\quickzip\byte_counter.h">
      <Filter>quickzip</Filter>
    </ClInclude>
    <ClInclude Include="src\quickzip\huffman_tree.h">
      <Filter>quickzip</Filter>
    </ClInclude>
    <ClInclude Include="src\quickzip\quick_zip.h">
      <Filter>quickzip</Filter>
    </ClInclude>
    <ClInclude Include="src\quickzip\quick_zip_types.h">
      <Filter>quickzip</Filter>
    </ClInclude>
    <ClInclude Include="src\config.h" />
    <ClInclude Include="src\md5\md5.h">
      <Filter>md5</Filter>
    </ClInclude>
  </ItemGroup>
</Project>