<?xml version="1.0" encoding="utf-8"?>
<Project ToolsVersion="4.0" xmlns="http://schemas.microsoft.com/developer/msbuild/2003">
  <ItemGroup>
    <Filter Include="src">
      <UniqueIdentifier>{e7642c4e-2850-43fb-befd-cf60c1941a19}</UniqueIdentifier>
    </Filter>
    <Filter Include="src\internal">
      <UniqueIdentifier>{5a9ccda7-b921-4bda-8776-54fc2d733c11}</UniqueIdentifier>
    </Filter>
    <Filter Include="src\internal\QuickZip">
      <UniqueIdentifier>{3268941e-cf9d-4597-9348-3c82df0999b2}</UniqueIdentifier>
    </Filter>
  </ItemGroup>
  <ItemGroup>
    <ClInclude Include="src\encrypt_export.h">
      <Filter>src</Filter>
    </ClInclude>
    <ClInclude Include="src\encryptor.h">
      <Filter>src</Filter>
    </ClInclude>
    <ClInclude Include="src\map_encrypt.h">
      <Filter>src</Filter>
    </ClInclude>
    <ClInclude Include="src\xor_encrypt.h">
      <Filter>src</Filter>
    </ClInclude>
    <ClInclude Include="src\internal\config.h">
      <Filter>src\internal</Filter>
    </ClInclude>
    <ClInclude Include="src\internal\QuickZip\src\byte_counter.h">
      <Filter>src\internal\QuickZip</Filter>
    </ClInclude>
    <ClInclude Include="src\internal\QuickZip\src\huffman_tree.h">
      <Filter>src\internal\QuickZip</Filter>
    </ClInclude>
    <ClInclude Include="src\internal\QuickZip\src\quick_zip.h">
      <Filter>src\internal\QuickZip</Filter>
    </ClInclude>
    <ClInclude Include="src\internal\QuickZip\src\quick_zip_types.h">
      <Filter>src\internal\QuickZip</Filter>
    </ClInclude>
  </ItemGroup>
  <ItemGroup>
    <ClCompile Include="src\encryptor.cpp">
      <Filter>src</Filter>
    </ClCompile>
    <ClCompile Include="src\lua-encrypt.cc">
      <Filter>src</Filter>
    </ClCompile>
    <ClCompile Include="src\map_encrypt.cpp">
      <Filter>src</Filter>
    </ClCompile>
    <ClCompile Include="src\internal\QuickZip\src\byte_counter.cpp">
      <Filter>src\internal\QuickZip</Filter>
    </ClCompile>
    <ClCompile Include="src\internal\QuickZip\src\huffman_tree.cpp">
      <Filter>src\internal\QuickZip</Filter>
    </ClCompile>
    <ClCompile Include="src\internal\QuickZip\src\quick_zip.cpp">
      <Filter>src\internal\QuickZip</Filter>
    </ClCompile>
  </ItemGroup>
</Project>