<?xml version="1.0" encoding="utf-8"?>
<Project ToolsVersion="4.0" xmlns="http://schemas.microsoft.com/developer/msbuild/2003">
  <ItemGroup>
    <ClInclude Include="src\ssl\crc.h">
      <Filter>src\ssl</Filter>
    </ClInclude>
    <ClInclude Include="src\ssl\hmac_sha.h">
      <Filter>src\ssl</Filter>
    </ClInclude>
    <ClInclude Include="src\ssl\lssl.h">
      <Filter>src\ssl</Filter>
    </ClInclude>
    <ClInclude Include="src\ssl\lz4.h">
      <Filter>src\ssl</Filter>
    </ClInclude>
    <ClInclude Include="src\ssl\xxtea.h">
      <Filter>src\ssl</Filter>
    </ClInclude>
    <ClInclude Include="src\ssl\zstd.h">
      <Filter>src\ssl</Filter>
    </ClInclude>
    <ClInclude Include="src\user_settings.h">
      <Filter>src</Filter>
    </ClInclude>
    <ClInclude Include="src\wolfssl\callbacks.h">
      <Filter>src\wolfssl</Filter>
    </ClInclude>
    <ClInclude Include="src\wolfssl\certs_test.h">
      <Filter>src\wolfssl</Filter>
    </ClInclude>
    <ClInclude Include="src\wolfssl\crl.h">
      <Filter>src\wolfssl</Filter>
    </ClInclude>
    <ClInclude Include="src\wolfssl\error-ssl.h">
      <Filter>src\wolfssl</Filter>
    </ClInclude>
    <ClInclude Include="src\wolfssl\internal.h">
      <Filter>src\wolfssl</Filter>
    </ClInclude>
    <ClInclude Include="src\wolfssl\ocsp.h">
      <Filter>src\wolfssl</Filter>
    </ClInclude>
    <ClInclude Include="src\wolfssl\openssl\aes.h">
      <Filter>src\wolfssl\openssl</Filter>
    </ClInclude>
    <ClInclude Include="src\wolfssl\openssl\asn1.h">
      <Filter>src\wolfssl\openssl</Filter>
    </ClInclude>
    <ClInclude Include="src\wolfssl\openssl\asn1t.h">
      <Filter>src\wolfssl\openssl</Filter>
    </ClInclude>
    <ClInclude Include="src\wolfssl\openssl\bio.h">
      <Filter>src\wolfssl\openssl</Filter>
    </ClInclude>
    <ClInclude Include="src\wolfssl\openssl\bn.h">
      <Filter>src\wolfssl\openssl</Filter>
    </ClInclude>
    <ClInclude Include="src\wolfssl\openssl\buffer.h">
      <Filter>src\wolfssl\openssl</Filter>
    </ClInclude>
    <ClInclude Include="src\wolfssl\openssl\camellia.h">
      <Filter>src\wolfssl\openssl</Filter>
    </ClInclude>
    <ClInclude Include="src\wolfssl\openssl\cmac.h">
      <Filter>src\wolfssl\openssl</Filter>
    </ClInclude>
    <ClInclude Include="src\wolfssl\openssl\cms.h">
      <Filter>src\wolfssl\openssl</Filter>
    </ClInclude>
    <ClInclude Include="src\wolfssl\openssl\compat_types.h">
      <Filter>src\wolfssl\openssl</Filter>
    </ClInclude>
    <ClInclude Include="src\wolfssl\openssl\conf.h">
      <Filter>src\wolfssl\openssl</Filter>
    </ClInclude>
    <ClInclude Include="src\wolfssl\openssl\crypto.h">
      <Filter>src\wolfssl\openssl</Filter>
    </ClInclude>
    <ClInclude Include="src\wolfssl\openssl\des.h">
      <Filter>src\wolfssl\openssl</Filter>
    </ClInclude>
    <ClInclude Include="src\wolfssl\openssl\dh.h">
      <Filter>src\wolfssl\openssl</Filter>
    </ClInclude>
    <ClInclude Include="src\wolfssl\openssl\dsa.h">
      <Filter>src\wolfssl\openssl</Filter>
    </ClInclude>
    <ClInclude Include="src\wolfssl\openssl\ec.h">
      <Filter>src\wolfssl\openssl</Filter>
    </ClInclude>
    <ClInclude Include="src\wolfssl\openssl\ec25519.h">
      <Filter>src\wolfssl\openssl</Filter>
    </ClInclude>
    <ClInclude Include="src\wolfssl\openssl\ec448.h">
      <Filter>src\wolfssl\openssl</Filter>
    </ClInclude>
    <ClInclude Include="src\wolfssl\openssl\ecdh.h">
      <Filter>src\wolfssl\openssl</Filter>
    </ClInclude>
    <ClInclude Include="src\wolfssl\openssl\ecdsa.h">
      <Filter>src\wolfssl\openssl</Filter>
    </ClInclude>
    <ClInclude Include="src\wolfssl\openssl\ed25519.h">
      <Filter>src\wolfssl\openssl</Filter>
    </ClInclude>
    <ClInclude Include="src\wolfssl\openssl\ed448.h">
      <Filter>src\wolfssl\openssl</Filter>
    </ClInclude>
    <ClInclude Include="src\wolfssl\openssl\engine.h">
      <Filter>src\wolfssl\openssl</Filter>
    </ClInclude>
    <ClInclude Include="src\wolfssl\openssl\err.h">
      <Filter>src\wolfssl\openssl</Filter>
    </ClInclude>
    <ClInclude Include="src\wolfssl\openssl\evp.h">
      <Filter>src\wolfssl\openssl</Filter>
    </ClInclude>
    <ClInclude Include="src\wolfssl\openssl\fips_rand.h">
      <Filter>src\wolfssl\openssl</Filter>
    </ClInclude>
    <ClInclude Include="src\wolfssl\openssl\hmac.h">
      <Filter>src\wolfssl\openssl</Filter>
    </ClInclude>
    <ClInclude Include="src\wolfssl\openssl\kdf.h">
      <Filter>src\wolfssl\openssl</Filter>
    </ClInclude>
    <ClInclude Include="src\wolfssl\openssl\lhash.h">
      <Filter>src\wolfssl\openssl</Filter>
    </ClInclude>
    <ClInclude Include="src\wolfssl\openssl\md4.h">
      <Filter>src\wolfssl\openssl</Filter>
    </ClInclude>
    <ClInclude Include="src\wolfssl\openssl\md5.h">
      <Filter>src\wolfssl\openssl</Filter>
    </ClInclude>
    <ClInclude Include="src\wolfssl\openssl\modes.h">
      <Filter>src\wolfssl\openssl</Filter>
    </ClInclude>
    <ClInclude Include="src\wolfssl\openssl\obj_mac.h">
      <Filter>src\wolfssl\openssl</Filter>
    </ClInclude>
    <ClInclude Include="src\wolfssl\openssl\objects.h">
      <Filter>src\wolfssl\openssl</Filter>
    </ClInclude>
    <ClInclude Include="src\wolfssl\openssl\ocsp.h">
      <Filter>src\wolfssl\openssl</Filter>
    </ClInclude>
    <ClInclude Include="src\wolfssl\openssl\opensslconf.h">
      <Filter>src\wolfssl\openssl</Filter>
    </ClInclude>
    <ClInclude Include="src\wolfssl\openssl\opensslv.h">
      <Filter>src\wolfssl\openssl</Filter>
    </ClInclude>
    <ClInclude Include="src\wolfssl\openssl\ossl_typ.h">
      <Filter>src\wolfssl\openssl</Filter>
    </ClInclude>
    <ClInclude Include="src\wolfssl\openssl\pem.h">
      <Filter>src\wolfssl\openssl</Filter>
    </ClInclude>
    <ClInclude Include="src\wolfssl\openssl\pkcs12.h">
      <Filter>src\wolfssl\openssl</Filter>
    </ClInclude>
    <ClInclude Include="src\wolfssl\openssl\pkcs7.h">
      <Filter>src\wolfssl\openssl</Filter>
    </ClInclude>
    <ClInclude Include="src\wolfssl\openssl\rand.h">
      <Filter>src\wolfssl\openssl</Filter>
    </ClInclude>
    <ClInclude Include="src\wolfssl\openssl\rc4.h">
      <Filter>src\wolfssl\openssl</Filter>
    </ClInclude>
    <ClInclude Include="src\wolfssl\openssl\ripemd.h">
      <Filter>src\wolfssl\openssl</Filter>
    </ClInclude>
    <ClInclude Include="src\wolfssl\openssl\rsa.h">
      <Filter>src\wolfssl\openssl</Filter>
    </ClInclude>
    <ClInclude Include="src\wolfssl\openssl\sha.h">
      <Filter>src\wolfssl\openssl</Filter>
    </ClInclude>
    <ClInclude Include="src\wolfssl\openssl\sha3.h">
      <Filter>src\wolfssl\openssl</Filter>
    </ClInclude>
    <ClInclude Include="src\wolfssl\openssl\srp.h">
      <Filter>src\wolfssl\openssl</Filter>
    </ClInclude>
    <ClInclude Include="src\wolfssl\openssl\ssl.h">
      <Filter>src\wolfssl\openssl</Filter>
    </ClInclude>
    <ClInclude Include="src\wolfssl\openssl\ssl23.h">
      <Filter>src\wolfssl\openssl</Filter>
    </ClInclude>
    <ClInclude Include="src\wolfssl\openssl\stack.h">
      <Filter>src\wolfssl\openssl</Filter>
    </ClInclude>
    <ClInclude Include="src\wolfssl\openssl\tls1.h">
      <Filter>src\wolfssl\openssl</Filter>
    </ClInclude>
    <ClInclude Include="src\wolfssl\openssl\txt_db.h">
      <Filter>src\wolfssl\openssl</Filter>
    </ClInclude>
    <ClInclude Include="src\wolfssl\openssl\ui.h">
      <Filter>src\wolfssl\openssl</Filter>
    </ClInclude>
    <ClInclude Include="src\wolfssl\openssl\x509.h">
      <Filter>src\wolfssl\openssl</Filter>
    </ClInclude>
    <ClInclude Include="src\wolfssl\openssl\x509_vfy.h">
      <Filter>src\wolfssl\openssl</Filter>
    </ClInclude>
    <ClInclude Include="src\wolfssl\openssl\x509v3.h">
      <Filter>src\wolfssl\openssl</Filter>
    </ClInclude>
    <ClInclude Include="src\wolfssl\quic.h">
      <Filter>src\wolfssl</Filter>
    </ClInclude>
    <ClInclude Include="src\wolfssl\sniffer.h">
      <Filter>src\wolfssl</Filter>
    </ClInclude>
    <ClInclude Include="src\wolfssl\sniffer_error.h">
      <Filter>src\wolfssl</Filter>
    </ClInclude>
    <ClInclude Include="src\wolfssl\ssl.h">
      <Filter>src\wolfssl</Filter>
    </ClInclude>
    <ClInclude Include="src\wolfssl\test.h">
      <Filter>src\wolfssl</Filter>
    </ClInclude>
    <ClInclude Include="src\wolfssl\version.h">
      <Filter>src\wolfssl</Filter>
    </ClInclude>
    <ClInclude Include="src\wolfssl\wolfcrypt\aes.h">
      <Filter>src\wolfssl\wolfcrypt</Filter>
    </ClInclude>
    <ClInclude Include="src\wolfssl\wolfcrypt\arc4.h">
      <Filter>src\wolfssl\wolfcrypt</Filter>
    </ClInclude>
    <ClInclude Include="src\wolfssl\wolfcrypt\asn.h">
      <Filter>src\wolfssl\wolfcrypt</Filter>
    </ClInclude>
    <ClInclude Include="src\wolfssl\wolfcrypt\asn_public.h">
      <Filter>src\wolfssl\wolfcrypt</Filter>
    </ClInclude>
    <ClInclude Include="src\wolfssl\wolfcrypt\blake2-impl.h">
      <Filter>src\wolfssl\wolfcrypt</Filter>
    </ClInclude>
    <ClInclude Include="src\wolfssl\wolfcrypt\blake2-int.h">
      <Filter>src\wolfssl\wolfcrypt</Filter>
    </ClInclude>
    <ClInclude Include="src\wolfssl\wolfcrypt\blake2.h">
      <Filter>src\wolfssl\wolfcrypt</Filter>
    </ClInclude>
    <ClInclude Include="src\wolfssl\wolfcrypt\camellia.h">
      <Filter>src\wolfssl\wolfcrypt</Filter>
    </ClInclude>
    <ClInclude Include="src\wolfssl\wolfcrypt\chacha.h">
      <Filter>src\wolfssl\wolfcrypt</Filter>
    </ClInclude>
    <ClInclude Include="src\wolfssl\wolfcrypt\chacha20_poly1305.h">
      <Filter>src\wolfssl\wolfcrypt</Filter>
    </ClInclude>
    <ClInclude Include="src\wolfssl\wolfcrypt\cmac.h">
      <Filter>src\wolfssl\wolfcrypt</Filter>
    </ClInclude>
    <ClInclude Include="src\wolfssl\wolfcrypt\coding.h">
      <Filter>src\wolfssl\wolfcrypt</Filter>
    </ClInclude>
    <ClInclude Include="src\wolfssl\wolfcrypt\compress.h">
      <Filter>src\wolfssl\wolfcrypt</Filter>
    </ClInclude>
    <ClInclude Include="src\wolfssl\wolfcrypt\cpuid.h">
      <Filter>src\wolfssl\wolfcrypt</Filter>
    </ClInclude>
    <ClInclude Include="src\wolfssl\wolfcrypt\cryptocb.h">
      <Filter>src\wolfssl\wolfcrypt</Filter>
    </ClInclude>
    <ClInclude Include="src\wolfssl\wolfcrypt\curve25519.h">
      <Filter>src\wolfssl\wolfcrypt</Filter>
    </ClInclude>
    <ClInclude Include="src\wolfssl\wolfcrypt\curve448.h">
      <Filter>src\wolfssl\wolfcrypt</Filter>
    </ClInclude>
    <ClInclude Include="src\wolfssl\wolfcrypt\des3.h">
      <Filter>src\wolfssl\wolfcrypt</Filter>
    </ClInclude>
    <ClInclude Include="src\wolfssl\wolfcrypt\dh.h">
      <Filter>src\wolfssl\wolfcrypt</Filter>
    </ClInclude>
    <ClInclude Include="src\wolfssl\wolfcrypt\dilithium.h">
      <Filter>src\wolfssl\wolfcrypt</Filter>
    </ClInclude>
    <ClInclude Include="src\wolfssl\wolfcrypt\dsa.h">
      <Filter>src\wolfssl\wolfcrypt</Filter>
    </ClInclude>
    <ClInclude Include="src\wolfssl\wolfcrypt\ecc.h">
      <Filter>src\wolfssl\wolfcrypt</Filter>
    </ClInclude>
    <ClInclude Include="src\wolfssl\wolfcrypt\eccsi.h">
      <Filter>src\wolfssl\wolfcrypt</Filter>
    </ClInclude>
    <ClInclude Include="src\wolfssl\wolfcrypt\ed25519.h">
      <Filter>src\wolfssl\wolfcrypt</Filter>
    </ClInclude>
    <ClInclude Include="src\wolfssl\wolfcrypt\ed448.h">
      <Filter>src\wolfssl\wolfcrypt</Filter>
    </ClInclude>
    <ClInclude Include="src\wolfssl\wolfcrypt\error-crypt.h">
      <Filter>src\wolfssl\wolfcrypt</Filter>
    </ClInclude>
    <ClInclude Include="src\wolfssl\wolfcrypt\ext_kyber.h">
      <Filter>src\wolfssl\wolfcrypt</Filter>
    </ClInclude>
    <ClInclude Include="src\wolfssl\wolfcrypt\ext_lms.h">
      <Filter>src\wolfssl\wolfcrypt</Filter>
    </ClInclude>
    <ClInclude Include="src\wolfssl\wolfcrypt\ext_xmss.h">
      <Filter>src\wolfssl\wolfcrypt</Filter>
    </ClInclude>
    <ClInclude Include="src\wolfssl\wolfcrypt\falcon.h">
      <Filter>src\wolfssl\wolfcrypt</Filter>
    </ClInclude>
    <ClInclude Include="src\wolfssl\wolfcrypt\fe_448.h">
      <Filter>src\wolfssl\wolfcrypt</Filter>
    </ClInclude>
    <ClInclude Include="src\wolfssl\wolfcrypt\fe_operations.h">
      <Filter>src\wolfssl\wolfcrypt</Filter>
    </ClInclude>
    <ClInclude Include="src\wolfssl\wolfcrypt\fips_test.h">
      <Filter>src\wolfssl\wolfcrypt</Filter>
    </ClInclude>
    <ClInclude Include="src\wolfssl\wolfcrypt\ge_448.h">
      <Filter>src\wolfssl\wolfcrypt</Filter>
    </ClInclude>
    <ClInclude Include="src\wolfssl\wolfcrypt\ge_operations.h">
      <Filter>src\wolfssl\wolfcrypt</Filter>
    </ClInclude>
    <ClInclude Include="src\wolfssl\wolfcrypt\hash.h">
      <Filter>src\wolfssl\wolfcrypt</Filter>
    </ClInclude>
    <ClInclude Include="src\wolfssl\wolfcrypt\hmac.h">
      <Filter>src\wolfssl\wolfcrypt</Filter>
    </ClInclude>
    <ClInclude Include="src\wolfssl\wolfcrypt\hpke.h">
      <Filter>src\wolfssl\wolfcrypt</Filter>
    </ClInclude>
    <ClInclude Include="src\wolfssl\wolfcrypt\integer.h">
      <Filter>src\wolfssl\wolfcrypt</Filter>
    </ClInclude>
    <ClInclude Include="src\wolfssl\wolfcrypt\kdf.h">
      <Filter>src\wolfssl\wolfcrypt</Filter>
    </ClInclude>
    <ClInclude Include="src\wolfssl\wolfcrypt\kyber.h">
      <Filter>src\wolfssl\wolfcrypt</Filter>
    </ClInclude>
    <ClInclude Include="src\wolfssl\wolfcrypt\lms.h">
      <Filter>src\wolfssl\wolfcrypt</Filter>
    </ClInclude>
    <ClInclude Include="src\wolfssl\wolfcrypt\logging.h">
      <Filter>src\wolfssl\wolfcrypt</Filter>
    </ClInclude>
    <ClInclude Include="src\wolfssl\wolfcrypt\md2.h">
      <Filter>src\wolfssl\wolfcrypt</Filter>
    </ClInclude>
    <ClInclude Include="src\wolfssl\wolfcrypt\md4.h">
      <Filter>src\wolfssl\wolfcrypt</Filter>
    </ClInclude>
    <ClInclude Include="src\wolfssl\wolfcrypt\md5.h">
      <Filter>src\wolfssl\wolfcrypt</Filter>
    </ClInclude>
    <ClInclude Include="src\wolfssl\wolfcrypt\mem_track.h">
      <Filter>src\wolfssl\wolfcrypt</Filter>
    </ClInclude>
    <ClInclude Include="src\wolfssl\wolfcrypt\memory.h">
      <Filter>src\wolfssl\wolfcrypt</Filter>
    </ClInclude>
    <ClInclude Include="src\wolfssl\wolfcrypt\misc.h">
      <Filter>src\wolfssl\wolfcrypt</Filter>
    </ClInclude>
    <ClInclude Include="src\wolfssl\wolfcrypt\mpi_class.h">
      <Filter>src\wolfssl\wolfcrypt</Filter>
    </ClInclude>
    <ClInclude Include="src\wolfssl\wolfcrypt\mpi_superclass.h">
      <Filter>src\wolfssl\wolfcrypt</Filter>
    </ClInclude>
    <ClInclude Include="src\wolfssl\wolfcrypt\pkcs11.h">
      <Filter>src\wolfssl\wolfcrypt</Filter>
    </ClInclude>
    <ClInclude Include="src\wolfssl\wolfcrypt\pkcs12.h">
      <Filter>src\wolfssl\wolfcrypt</Filter>
    </ClInclude>
    <ClInclude Include="src\wolfssl\wolfcrypt\pkcs7.h">
      <Filter>src\wolfssl\wolfcrypt</Filter>
    </ClInclude>
    <ClInclude Include="src\wolfssl\wolfcrypt\poly1305.h">
      <Filter>src\wolfssl\wolfcrypt</Filter>
    </ClInclude>
    <ClInclude Include="src\wolfssl\wolfcrypt\pwdbased.h">
      <Filter>src\wolfssl\wolfcrypt</Filter>
    </ClInclude>
    <ClInclude Include="src\wolfssl\wolfcrypt\random.h">
      <Filter>src\wolfssl\wolfcrypt</Filter>
    </ClInclude>
    <ClInclude Include="src\wolfssl\wolfcrypt\rc2.h">
      <Filter>src\wolfssl\wolfcrypt</Filter>
    </ClInclude>
    <ClInclude Include="src\wolfssl\wolfcrypt\ripemd.h">
      <Filter>src\wolfssl\wolfcrypt</Filter>
    </ClInclude>
    <ClInclude Include="src\wolfssl\wolfcrypt\rsa.h">
      <Filter>src\wolfssl\wolfcrypt</Filter>
    </ClInclude>
    <ClInclude Include="src\wolfssl\wolfcrypt\sakke.h">
      <Filter>src\wolfssl\wolfcrypt</Filter>
    </ClInclude>
    <ClInclude Include="src\wolfssl\wolfcrypt\selftest.h">
      <Filter>src\wolfssl\wolfcrypt</Filter>
    </ClInclude>
    <ClInclude Include="src\wolfssl\wolfcrypt\settings.h">
      <Filter>src\wolfssl\wolfcrypt</Filter>
    </ClInclude>
    <ClInclude Include="src\wolfssl\wolfcrypt\sha.h">
      <Filter>src\wolfssl\wolfcrypt</Filter>
    </ClInclude>
    <ClInclude Include="src\wolfssl\wolfcrypt\sha256.h">
      <Filter>src\wolfssl\wolfcrypt</Filter>
    </ClInclude>
    <ClInclude Include="src\wolfssl\wolfcrypt\sha3.h">
      <Filter>src\wolfssl\wolfcrypt</Filter>
    </ClInclude>
    <ClInclude Include="src\wolfssl\wolfcrypt\sha512.h">
      <Filter>src\wolfssl\wolfcrypt</Filter>
    </ClInclude>
    <ClInclude Include="src\wolfssl\wolfcrypt\signature.h">
      <Filter>src\wolfssl\wolfcrypt</Filter>
    </ClInclude>
    <ClInclude Include="src\wolfssl\wolfcrypt\siphash.h">
      <Filter>src\wolfssl\wolfcrypt</Filter>
    </ClInclude>
    <ClInclude Include="src\wolfssl\wolfcrypt\sm2.h">
      <Filter>src\wolfssl\wolfcrypt</Filter>
    </ClInclude>
    <ClInclude Include="src\wolfssl\wolfcrypt\sm3.h">
      <Filter>src\wolfssl\wolfcrypt</Filter>
    </ClInclude>
    <ClInclude Include="src\wolfssl\wolfcrypt\sm4.h">
      <Filter>src\wolfssl\wolfcrypt</Filter>
    </ClInclude>
    <ClInclude Include="src\wolfssl\wolfcrypt\sp.h">
      <Filter>src\wolfssl\wolfcrypt</Filter>
    </ClInclude>
    <ClInclude Include="src\wolfssl\wolfcrypt\sp_int.h">
      <Filter>src\wolfssl\wolfcrypt</Filter>
    </ClInclude>
    <ClInclude Include="src\wolfssl\wolfcrypt\sphincs.h">
      <Filter>src\wolfssl\wolfcrypt</Filter>
    </ClInclude>
    <ClInclude Include="src\wolfssl\wolfcrypt\srp.h">
      <Filter>src\wolfssl\wolfcrypt</Filter>
    </ClInclude>
    <ClInclude Include="src\wolfssl\wolfcrypt\tfm.h">
      <Filter>src\wolfssl\wolfcrypt</Filter>
    </ClInclude>
    <ClInclude Include="src\wolfssl\wolfcrypt\types.h">
      <Filter>src\wolfssl\wolfcrypt</Filter>
    </ClInclude>
    <ClInclude Include="src\wolfssl\wolfcrypt\visibility.h">
      <Filter>src\wolfssl\wolfcrypt</Filter>
    </ClInclude>
    <ClInclude Include="src\wolfssl\wolfcrypt\wc_encrypt.h">
      <Filter>src\wolfssl\wolfcrypt</Filter>
    </ClInclude>
    <ClInclude Include="src\wolfssl\wolfcrypt\wc_kyber.h">
      <Filter>src\wolfssl\wolfcrypt</Filter>
    </ClInclude>
    <ClInclude Include="src\wolfssl\wolfcrypt\wc_lms.h">
      <Filter>src\wolfssl\wolfcrypt</Filter>
    </ClInclude>
    <ClInclude Include="src\wolfssl\wolfcrypt\wc_pkcs11.h">
      <Filter>src\wolfssl\wolfcrypt</Filter>
    </ClInclude>
    <ClInclude Include="src\wolfssl\wolfcrypt\wc_port.h">
      <Filter>src\wolfssl\wolfcrypt</Filter>
    </ClInclude>
    <ClInclude Include="src\wolfssl\wolfcrypt\wc_xmss.h">
      <Filter>src\wolfssl\wolfcrypt</Filter>
    </ClInclude>
    <ClInclude Include="src\wolfssl\wolfcrypt\wolfevent.h">
      <Filter>src\wolfssl\wolfcrypt</Filter>
    </ClInclude>
    <ClInclude Include="src\wolfssl\wolfcrypt\wolfmath.h">
      <Filter>src\wolfssl\wolfcrypt</Filter>
    </ClInclude>
    <ClInclude Include="src\wolfssl\wolfcrypt\xmss.h">
      <Filter>src\wolfssl\wolfcrypt</Filter>
    </ClInclude>
    <ClInclude Include="src\wolfssl\wolfio.h">
      <Filter>src\wolfssl</Filter>
    </ClInclude>
  </ItemGroup>
  <ItemGroup>
    <ClCompile Include="src\src\crl.c">
      <Filter>src\src</Filter>
    </ClCompile>
    <ClCompile Include="src\src\dtls.c">
      <Filter>src\src</Filter>
    </ClCompile>
    <ClCompile Include="src\src\dtls13.c">
      <Filter>src\src</Filter>
    </ClCompile>
    <ClCompile Include="src\src\internal.c">
      <Filter>src\src</Filter>
    </ClCompile>
    <ClCompile Include="src\src\keys.c">
      <Filter>src\src</Filter>
    </ClCompile>
    <ClCompile Include="src\src\ocsp.c">
      <Filter>src\src</Filter>
    </ClCompile>
    <ClCompile Include="src\src\quic.c">
      <Filter>src\src</Filter>
    </ClCompile>
    <ClCompile Include="src\src\sniffer.c">
      <Filter>src\src</Filter>
    </ClCompile>
    <ClCompile Include="src\src\ssl.c">
      <Filter>src\src</Filter>
    </ClCompile>
    <ClCompile Include="src\src\tls.c">
      <Filter>src\src</Filter>
    </ClCompile>
    <ClCompile Include="src\src\tls13.c">
      <Filter>src\src</Filter>
    </ClCompile>
    <ClCompile Include="src\src\wolfio.c">
      <Filter>src\src</Filter>
    </ClCompile>
    <ClCompile Include="src\ssl\crc.c">
      <Filter>src\ssl</Filter>
    </ClCompile>
    <ClCompile Include="src\ssl\hmac_sha.c">
      <Filter>src\ssl</Filter>
    </ClCompile>
    <ClCompile Include="src\ssl\lssl.cpp">
      <Filter>src\ssl</Filter>
    </ClCompile>
    <ClCompile Include="src\ssl\lz4.c">
      <Filter>src\ssl</Filter>
    </ClCompile>
    <ClCompile Include="src\ssl\xxtea.c">
      <Filter>src\ssl</Filter>
    </ClCompile>
    <ClCompile Include="src\ssl\zstd.c">
      <Filter>src\ssl</Filter>
    </ClCompile>
    <ClCompile Include="src\wolfcrypt\src\aes.c">
      <Filter>src\wolfcrypt\src</Filter>
    </ClCompile>
    <ClCompile Include="src\wolfcrypt\src\arc4.c">
      <Filter>src\wolfcrypt\src</Filter>
    </ClCompile>
    <ClCompile Include="src\wolfcrypt\src\asm.c">
      <Filter>src\wolfcrypt\src</Filter>
    </ClCompile>
    <ClCompile Include="src\wolfcrypt\src\asn.c">
      <Filter>src\wolfcrypt\src</Filter>
    </ClCompile>
    <ClCompile Include="src\wolfcrypt\src\blake2b.c">
      <Filter>src\wolfcrypt\src</Filter>
    </ClCompile>
    <ClCompile Include="src\wolfcrypt\src\blake2s.c">
      <Filter>src\wolfcrypt\src</Filter>
    </ClCompile>
    <ClCompile Include="src\wolfcrypt\src\camellia.c">
      <Filter>src\wolfcrypt\src</Filter>
    </ClCompile>
    <ClCompile Include="src\wolfcrypt\src\chacha.c">
      <Filter>src\wolfcrypt\src</Filter>
    </ClCompile>
    <ClCompile Include="src\wolfcrypt\src\chacha20_poly1305.c">
      <Filter>src\wolfcrypt\src</Filter>
    </ClCompile>
    <ClCompile Include="src\wolfcrypt\src\cmac.c">
      <Filter>src\wolfcrypt\src</Filter>
    </ClCompile>
    <ClCompile Include="src\wolfcrypt\src\coding.c">
      <Filter>src\wolfcrypt\src</Filter>
    </ClCompile>
    <ClCompile Include="src\wolfcrypt\src\compress.c">
      <Filter>src\wolfcrypt\src</Filter>
    </ClCompile>
    <ClCompile Include="src\wolfcrypt\src\cpuid.c">
      <Filter>src\wolfcrypt\src</Filter>
    </ClCompile>
    <ClCompile Include="src\wolfcrypt\src\cryptocb.c">
      <Filter>src\wolfcrypt\src</Filter>
    </ClCompile>
    <ClCompile Include="src\wolfcrypt\src\curve25519.c">
      <Filter>src\wolfcrypt\src</Filter>
    </ClCompile>
    <ClCompile Include="src\wolfcrypt\src\curve448.c">
      <Filter>src\wolfcrypt\src</Filter>
    </ClCompile>
    <ClCompile Include="src\wolfcrypt\src\des3.c">
      <Filter>src\wolfcrypt\src</Filter>
    </ClCompile>
    <ClCompile Include="src\wolfcrypt\src\dh.c">
      <Filter>src\wolfcrypt\src</Filter>
    </ClCompile>
    <ClCompile Include="src\wolfcrypt\src\dilithium.c">
      <Filter>src\wolfcrypt\src</Filter>
    </ClCompile>
    <ClCompile Include="src\wolfcrypt\src\dsa.c">
      <Filter>src\wolfcrypt\src</Filter>
    </ClCompile>
    <ClCompile Include="src\wolfcrypt\src\ecc.c">
      <Filter>src\wolfcrypt\src</Filter>
    </ClCompile>
    <ClCompile Include="src\wolfcrypt\src\ecc_fp.c">
      <Filter>src\wolfcrypt\src</Filter>
    </ClCompile>
    <ClCompile Include="src\wolfcrypt\src\eccsi.c">
      <Filter>src\wolfcrypt\src</Filter>
    </ClCompile>
    <ClCompile Include="src\wolfcrypt\src\ed25519.c">
      <Filter>src\wolfcrypt\src</Filter>
    </ClCompile>
    <ClCompile Include="src\wolfcrypt\src\ed448.c">
      <Filter>src\wolfcrypt\src</Filter>
    </ClCompile>
    <ClCompile Include="src\wolfcrypt\src\error.c">
      <Filter>src\wolfcrypt\src</Filter>
    </ClCompile>
    <ClCompile Include="src\wolfcrypt\src\ext_kyber.c">
      <Filter>src\wolfcrypt\src</Filter>
    </ClCompile>
    <ClCompile Include="src\wolfcrypt\src\ext_lms.c">
      <Filter>src\wolfcrypt\src</Filter>
    </ClCompile>
    <ClCompile Include="src\wolfcrypt\src\ext_xmss.c">
      <Filter>src\wolfcrypt\src</Filter>
    </ClCompile>
    <ClCompile Include="src\wolfcrypt\src\falcon.c">
      <Filter>src\wolfcrypt\src</Filter>
    </ClCompile>
    <ClCompile Include="src\wolfcrypt\src\fe_448.c">
      <Filter>src\wolfcrypt\src</Filter>
    </ClCompile>
    <ClCompile Include="src\wolfcrypt\src\fe_low_mem.c">
      <Filter>src\wolfcrypt\src</Filter>
    </ClCompile>
    <ClCompile Include="src\wolfcrypt\src\fe_operations.c">
      <Filter>src\wolfcrypt\src</Filter>
    </ClCompile>
    <ClCompile Include="src\wolfcrypt\src\ge_448.c">
      <Filter>src\wolfcrypt\src</Filter>
    </ClCompile>
    <ClCompile Include="src\wolfcrypt\src\ge_low_mem.c">
      <Filter>src\wolfcrypt\src</Filter>
    </ClCompile>
    <ClCompile Include="src\wolfcrypt\src\ge_operations.c">
      <Filter>src\wolfcrypt\src</Filter>
    </ClCompile>
    <ClCompile Include="src\wolfcrypt\src\hash.c">
      <Filter>src\wolfcrypt\src</Filter>
    </ClCompile>
    <ClCompile Include="src\wolfcrypt\src\hmac.c">
      <Filter>src\wolfcrypt\src</Filter>
    </ClCompile>
    <ClCompile Include="src\wolfcrypt\src\hpke.c">
      <Filter>src\wolfcrypt\src</Filter>
    </ClCompile>
    <ClCompile Include="src\wolfcrypt\src\integer.c">
      <Filter>src\wolfcrypt\src</Filter>
    </ClCompile>
    <ClCompile Include="src\wolfcrypt\src\kdf.c">
      <Filter>src\wolfcrypt\src</Filter>
    </ClCompile>
    <ClCompile Include="src\wolfcrypt\src\logging.c">
      <Filter>src\wolfcrypt\src</Filter>
    </ClCompile>
    <ClCompile Include="src\wolfcrypt\src\md2.c">
      <Filter>src\wolfcrypt\src</Filter>
    </ClCompile>
    <ClCompile Include="src\wolfcrypt\src\md4.c">
      <Filter>src\wolfcrypt\src</Filter>
    </ClCompile>
    <ClCompile Include="src\wolfcrypt\src\md5.c">
      <Filter>src\wolfcrypt\src</Filter>
    </ClCompile>
    <ClCompile Include="src\wolfcrypt\src\memory.c">
      <Filter>src\wolfcrypt\src</Filter>
    </ClCompile>
    <ClCompile Include="src\wolfcrypt\src\pkcs12.c">
      <Filter>src\wolfcrypt\src</Filter>
    </ClCompile>
    <ClCompile Include="src\wolfcrypt\src\pkcs7.c">
      <Filter>src\wolfcrypt\src</Filter>
    </ClCompile>
    <ClCompile Include="src\wolfcrypt\src\poly1305.c">
      <Filter>src\wolfcrypt\src</Filter>
    </ClCompile>
    <ClCompile Include="src\wolfcrypt\src\pwdbased.c">
      <Filter>src\wolfcrypt\src</Filter>
    </ClCompile>
    <ClCompile Include="src\wolfcrypt\src\random.c">
      <Filter>src\wolfcrypt\src</Filter>
    </ClCompile>
    <ClCompile Include="src\wolfcrypt\src\rc2.c">
      <Filter>src\wolfcrypt\src</Filter>
    </ClCompile>
    <ClCompile Include="src\wolfcrypt\src\ripemd.c">
      <Filter>src\wolfcrypt\src</Filter>
    </ClCompile>
    <ClCompile Include="src\wolfcrypt\src\rsa.c">
      <Filter>src\wolfcrypt\src</Filter>
    </ClCompile>
    <ClCompile Include="src\wolfcrypt\src\sakke.c">
      <Filter>src\wolfcrypt\src</Filter>
    </ClCompile>
    <ClCompile Include="src\wolfcrypt\src\sha.c">
      <Filter>src\wolfcrypt\src</Filter>
    </ClCompile>
    <ClCompile Include="src\wolfcrypt\src\sha256.c">
      <Filter>src\wolfcrypt\src</Filter>
    </ClCompile>
    <ClCompile Include="src\wolfcrypt\src\sha3.c">
      <Filter>src\wolfcrypt\src</Filter>
    </ClCompile>
    <ClCompile Include="src\wolfcrypt\src\sha512.c">
      <Filter>src\wolfcrypt\src</Filter>
    </ClCompile>
    <ClCompile Include="src\wolfcrypt\src\signature.c">
      <Filter>src\wolfcrypt\src</Filter>
    </ClCompile>
    <ClCompile Include="src\wolfcrypt\src\siphash.c">
      <Filter>src\wolfcrypt\src</Filter>
    </ClCompile>
    <ClCompile Include="src\wolfcrypt\src\sm2.c">
      <Filter>src\wolfcrypt\src</Filter>
    </ClCompile>
    <ClCompile Include="src\wolfcrypt\src\sm3.c">
      <Filter>src\wolfcrypt\src</Filter>
    </ClCompile>
    <ClCompile Include="src\wolfcrypt\src\sm4.c">
      <Filter>src\wolfcrypt\src</Filter>
    </ClCompile>
    <ClCompile Include="src\wolfcrypt\src\sp_arm32.c">
      <Filter>src\wolfcrypt\src</Filter>
    </ClCompile>
    <ClCompile Include="src\wolfcrypt\src\sp_arm64.c">
      <Filter>src\wolfcrypt\src</Filter>
    </ClCompile>
    <ClCompile Include="src\wolfcrypt\src\sp_armthumb.c">
      <Filter>src\wolfcrypt\src</Filter>
    </ClCompile>
    <ClCompile Include="src\wolfcrypt\src\sp_c32.c">
      <Filter>src\wolfcrypt\src</Filter>
    </ClCompile>
    <ClCompile Include="src\wolfcrypt\src\sp_c64.c">
      <Filter>src\wolfcrypt\src</Filter>
    </ClCompile>
    <ClCompile Include="src\wolfcrypt\src\sp_cortexm.c">
      <Filter>src\wolfcrypt\src</Filter>
    </ClCompile>
    <ClCompile Include="src\wolfcrypt\src\sp_dsp32.c">
      <Filter>src\wolfcrypt\src</Filter>
    </ClCompile>
    <ClCompile Include="src\wolfcrypt\src\sp_int.c">
      <Filter>src\wolfcrypt\src</Filter>
    </ClCompile>
    <ClCompile Include="src\wolfcrypt\src\sp_sm2_arm32.c">
      <Filter>src\wolfcrypt\src</Filter>
    </ClCompile>
    <ClCompile Include="src\wolfcrypt\src\sp_sm2_arm64.c">
      <Filter>src\wolfcrypt\src</Filter>
    </ClCompile>
    <ClCompile Include="src\wolfcrypt\src\sp_sm2_armthumb.c">
      <Filter>src\wolfcrypt\src</Filter>
    </ClCompile>
    <ClCompile Include="src\wolfcrypt\src\sp_sm2_c32.c">
      <Filter>src\wolfcrypt\src</Filter>
    </ClCompile>
    <ClCompile Include="src\wolfcrypt\src\sp_sm2_c64.c">
      <Filter>src\wolfcrypt\src</Filter>
    </ClCompile>
    <ClCompile Include="src\wolfcrypt\src\sp_sm2_cortexm.c">
      <Filter>src\wolfcrypt\src</Filter>
    </ClCompile>
    <ClCompile Include="src\wolfcrypt\src\sp_sm2_x86_64.c">
      <Filter>src\wolfcrypt\src</Filter>
    </ClCompile>
    <ClCompile Include="src\wolfcrypt\src\sp_x86_64.c">
      <Filter>src\wolfcrypt\src</Filter>
    </ClCompile>
    <ClCompile Include="src\wolfcrypt\src\sphincs.c">
      <Filter>src\wolfcrypt\src</Filter>
    </ClCompile>
    <ClCompile Include="src\wolfcrypt\src\srp.c">
      <Filter>src\wolfcrypt\src</Filter>
    </ClCompile>
    <ClCompile Include="src\wolfcrypt\src\tfm.c">
      <Filter>src\wolfcrypt\src</Filter>
    </ClCompile>
    <ClCompile Include="src\wolfcrypt\src\wc_dsp.c">
      <Filter>src\wolfcrypt\src</Filter>
    </ClCompile>
    <ClCompile Include="src\wolfcrypt\src\wc_encrypt.c">
      <Filter>src\wolfcrypt\src</Filter>
    </ClCompile>
    <ClCompile Include="src\wolfcrypt\src\wc_kyber.c">
      <Filter>src\wolfcrypt\src</Filter>
    </ClCompile>
    <ClCompile Include="src\wolfcrypt\src\wc_kyber_poly.c">
      <Filter>src\wolfcrypt\src</Filter>
    </ClCompile>
    <ClCompile Include="src\wolfcrypt\src\wc_lms.c">
      <Filter>src\wolfcrypt\src</Filter>
    </ClCompile>
    <ClCompile Include="src\wolfcrypt\src\wc_lms_impl.c">
      <Filter>src\wolfcrypt\src</Filter>
    </ClCompile>
    <ClCompile Include="src\wolfcrypt\src\wc_pkcs11.c">
      <Filter>src\wolfcrypt\src</Filter>
    </ClCompile>
    <ClCompile Include="src\wolfcrypt\src\wc_port.c">
      <Filter>src\wolfcrypt\src</Filter>
    </ClCompile>
    <ClCompile Include="src\wolfcrypt\src\wc_xmss.c">
      <Filter>src\wolfcrypt\src</Filter>
    </ClCompile>
    <ClCompile Include="src\wolfcrypt\src\wc_xmss_impl.c">
      <Filter>src\wolfcrypt\src</Filter>
    </ClCompile>
    <ClCompile Include="src\wolfcrypt\src\wolfevent.c">
      <Filter>src\wolfcrypt\src</Filter>
    </ClCompile>
    <ClCompile Include="src\wolfcrypt\src\wolfmath.c">
      <Filter>src\wolfcrypt\src</Filter>
    </ClCompile>
  </ItemGroup>
  <ItemGroup>
    <Filter Include="src">
      <UniqueIdentifier>{25D902C2-4283-AB8C-FBAC-54DFA101AD31}</UniqueIdentifier>
    </Filter>
    <Filter Include="src\src">
      <UniqueIdentifier>{71CC2570-F9AA-7764-F598-7875102685F6}</UniqueIdentifier>
    </Filter>
    <Filter Include="src\ssl">
      <UniqueIdentifier>{6AC8DFA0-47B3-9DD3-0B3A-E268BDD8095B}</UniqueIdentifier>
    </Filter>
    <Filter Include="src\wolfcrypt">
      <UniqueIdentifier>{ABCB5A45-7018-EC07-08C6-2289EFB4F8FC}</UniqueIdentifier>
    </Filter>
    <Filter Include="src\wolfcrypt\src">
      <UniqueIdentifier>{F930362F-656A-3B38-F2C8-505942495381}</UniqueIdentifier>
    </Filter>
    <Filter Include="src\wolfssl">
      <UniqueIdentifier>{AADFCED3-9F1D-B24B-D50A-A82347B0362F}</UniqueIdentifier>
    </Filter>
    <Filter Include="src\wolfssl\openssl">
      <UniqueIdentifier>{82AE7BA3-A32C-4B53-A4E6-399482E1786B}</UniqueIdentifier>
    </Filter>
    <Filter Include="src\wolfssl\wolfcrypt">
      <UniqueIdentifier>{C95F4505-8E1A-6EAD-788B-8F5BBE246D57}</UniqueIdentifier>
    </Filter>
  </ItemGroup>
</Project>