<?xml version="1.0" encoding="utf-8"?>
<Project ToolsVersion="4.0" xmlns="http://schemas.microsoft.com/developer/msbuild/2003">
  <ItemGroup>
    <ClInclude Include="src\detour.h">
      <Filter>src</Filter>
    </ClInclude>
    <ClInclude Include="src\detour\DetourAlloc.h">
      <Filter>src\detour</Filter>
    </ClInclude>
    <ClInclude Include="src\detour\DetourAssert.h">
      <Filter>src\detour</Filter>
    </ClInclude>
    <ClInclude Include="src\detour\DetourCommon.h">
      <Filter>src\detour</Filter>
    </ClInclude>
    <ClInclude Include="src\detour\DetourMath.h">
      <Filter>src\detour</Filter>
    </ClInclude>
    <ClInclude Include="src\detour\DetourNavMesh.h">
      <Filter>src\detour</Filter>
    </ClInclude>
    <ClInclude Include="src\detour\DetourNavMeshBuilder.h">
      <Filter>src\detour</Filter>
    </ClInclude>
    <ClInclude Include="src\detour\DetourNavMeshQuery.h">
      <Filter>src\detour</Filter>
    </ClInclude>
    <ClInclude Include="src\detour\DetourNode.h">
      <Filter>src\detour</Filter>
    </ClInclude>
    <ClInclude Include="src\detour\DetourStatus.h">
      <Filter>src\detour</Filter>
    </ClInclude>
  </ItemGroup>
  <ItemGroup>
    <ClCompile Include="src\detour.cpp">
      <Filter>src</Filter>
    </ClCompile>
    <ClCompile Include="src\detour\DetourAlloc.cpp">
      <Filter>src\detour</Filter>
    </ClCompile>
    <ClCompile Include="src\detour\DetourAssert.cpp">
      <Filter>src\detour</Filter>
    </ClCompile>
    <ClCompile Include="src\detour\DetourCommon.cpp">
      <Filter>src\detour</Filter>
    </ClCompile>
    <ClCompile Include="src\detour\DetourNavMesh.cpp">
      <Filter>src\detour</Filter>
    </ClCompile>
    <ClCompile Include="src\detour\DetourNavMeshBuilder.cpp">
      <Filter>src\detour</Filter>
    </ClCompile>
    <ClCompile Include="src\detour\DetourNavMeshQuery.cpp">
      <Filter>src\detour</Filter>
    </ClCompile>
    <ClCompile Include="src\detour\DetourNode.cpp">
      <Filter>src\detour</Filter>
    </ClCompile>
    <ClCompile Include="src\ldetor.cpp">
      <Filter>src</Filter>
    </ClCompile>
  </ItemGroup>
  <ItemGroup>
    <Filter Include="src">
      <UniqueIdentifier>{25D902C2-4283-AB8C-FBAC-54DFA101AD31}</UniqueIdentifier>
    </Filter>
    <Filter Include="src\detour">
      <UniqueIdentifier>{1ED4BF59-E23D-DD28-6A90-AA5C8A07060C}</UniqueIdentifier>
    </Filter>
  </ItemGroup>
</Project>