<?xml version="1.0" encoding="utf-8"?>
<Project ToolsVersion="4.0" xmlns="http://schemas.microsoft.com/developer/msbuild/2003">
  <ItemGroup>
    <ClInclude Include="mimalloc\src\bitmap.h">
      <Filter>mimalloc/src</Filter>
    </ClInclude>
    <ClInclude Include="mimalloc\src\prim\windows\etw.h">
      <Filter>mimalloc/src\prim\windows</Filter>
    </ClInclude>
  </ItemGroup>
  <ItemGroup>
    <ClCompile Include="mimalloc\src\alloc-aligned.c">
      <Filter>mimalloc/src</Filter>
    </ClCompile>
    <ClCompile Include="mimalloc\src\alloc-posix.c">
      <Filter>mimalloc/src</Filter>
    </ClCompile>
    <ClCompile Include="mimalloc\src\alloc.c">
      <Filter>mimalloc/src</Filter>
    </ClCompile>
    <ClCompile Include="mimalloc\src\arena.c">
      <Filter>mimalloc/src</Filter>
    </ClCompile>
    <ClCompile Include="mimalloc\src\bitmap.c">
      <Filter>mimalloc/src</Filter>
    </ClCompile>
    <ClCompile Include="mimalloc\src\heap.c">
      <Filter>mimalloc/src</Filter>
    </ClCompile>
    <ClCompile Include="mimalloc\src\init.c">
      <Filter>mimalloc/src</Filter>
    </ClCompile>
    <ClCompile Include="mimalloc\src\libc.c">
      <Filter>mimalloc/src</Filter>
    </ClCompile>
    <ClCompile Include="mimalloc\src\options.c">
      <Filter>mimalloc/src</Filter>
    </ClCompile>
    <ClCompile Include="mimalloc\src\os.c">
      <Filter>mimalloc/src</Filter>
    </ClCompile>
    <ClCompile Include="mimalloc\src\page.c">
      <Filter>mimalloc/src</Filter>
    </ClCompile>
    <ClCompile Include="mimalloc\src\prim\prim.c">
      <Filter>mimalloc/src\prim</Filter>
    </ClCompile>
    <ClCompile Include="mimalloc\src\random.c">
      <Filter>mimalloc/src</Filter>
    </ClCompile>
    <ClCompile Include="mimalloc\src\segment-map.c">
      <Filter>mimalloc/src</Filter>
    </ClCompile>
    <ClCompile Include="mimalloc\src\segment.c">
      <Filter>mimalloc/src</Filter>
    </ClCompile>
    <ClCompile Include="mimalloc\src\stats.c">
      <Filter>mimalloc/src</Filter>
    </ClCompile>
  </ItemGroup>
  <ItemGroup>
    <Filter Include="mimalloc/src">
      <UniqueIdentifier>{8215DE2D-85CB-48A1-6D8A-03CC19252F74}</UniqueIdentifier>
    </Filter>
    <Filter Include="mimalloc/src\prim">
      <UniqueIdentifier>{BEEE3C53-4DD4-A571-E61A-3E5ED09A5F30}</UniqueIdentifier>
    </Filter>
    <Filter Include="mimalloc/src\prim\windows">
      <UniqueIdentifier>{9118B0C9-5993-829F-1046-4BA353D0FFA7}</UniqueIdentifier>
    </Filter>
  </ItemGroup>
</Project>