<?xml version="1.0" encoding="utf-8"?>
<Project ToolsVersion="4.0" xmlns="http://schemas.microsoft.com/developer/msbuild/2003">
  <ItemGroup>
    <ClInclude Include="src\bitset.h">
      <Filter>src</Filter>
    </ClInclude>
    <ClInclude Include="src\guid.h">
      <Filter>src</Filter>
    </ClInclude>
    <ClInclude Include="src\hash.h">
      <Filter>src</Filter>
    </ClInclude>
    <ClInclude Include="src\http.h">
      <Filter>src</Filter>
    </ClInclude>
    <ClInclude Include="src\http2.h">
      <Filter>src</Filter>
    </ClInclude>
    <ClInclude Include="src\huffman.h">
      <Filter>src</Filter>
    </ClInclude>
    <ClInclude Include="src\lcodec.h">
      <Filter>src</Filter>
    </ClInclude>
    <ClInclude Include="src\mysql.h">
      <Filter>src</Filter>
    </ClInclude>
    <ClInclude Include="src\pgsql.h">
      <Filter>src</Filter>
    </ClInclude>
    <ClInclude Include="src\redis.h">
      <Filter>src</Filter>
    </ClInclude>
    <ClInclude Include="src\url.h">
      <Filter>src</Filter>
    </ClInclude>
    <ClInclude Include="src\websocket.h">
      <Filter>src</Filter>
    </ClInclude>
  </ItemGroup>
  <ItemGroup>
    <ClCompile Include="src\lcodec.cpp">
      <Filter>src</Filter>
    </ClCompile>
  </ItemGroup>
  <ItemGroup>
    <Filter Include="src">
      <UniqueIdentifier>{25D902C2-4283-AB8C-FBAC-54DFA101AD31}</UniqueIdentifier>
    </Filter>
  </ItemGroup>
</Project>